{
  "version": 4,
  "terraform_version": "1.9.5",
  "serial": 2675,
  "lineage": "d165381e-f0f5-a4b6-b69d-0690979e997e",
  "outputs": {
    "eip_address": {
      "value": "eipalloc-0127c0ca493712176",
      "type": "string"
    }
  },
  "resources": [
    {
      "mode": "data",
      "type": "aws_eip",
      "name": "NATEIP1",
      "provider": "provider[\"registry.terraform.io/hashicorp/aws\"]",
      "instances": [
        {
          "schema_version": 0,
          "attributes": {
            "arn": "arn:aws:ec2:us-east-1:043309356933:elastic-ip/eipalloc-0127c0ca493712176",
            "association_id": "",
            "carrier_ip": "",
            "customer_owned_ip": "",
            "customer_owned_ipv4_pool": "",
            "domain": "vpc",
            "filter": [
              {
                "name": "tag:Name",
                "values": [
                  "NATEIP"
                ]
              }
            ],
            "id": "eipalloc-0127c0ca493712176",
            "instance_id": "",
            "ipam_pool_id": null,
            "network_interface_id": "",
            "network_interface_owner_id": "",
            "private_dns": null,
            "private_ip": "",
            "ptr_record": "",
            "public_dns": "ec2-100-25-38-21.compute-1.amazonaws.com",
            "public_ip": "100.25.38.21",
            "public_ipv4_pool": "amazon",
            "region": "us-east-1",
            "tags": {
              "Name": "NATEIP"
            },
            "timeouts": null
          },
          "sensitive_attributes": []
        }
      ]
    },
    {
      "mode": "data",
      "type": "aws_iam_policy_document",
      "name": "assume_role",
      "provider": "provider[\"registry.terraform.io/hashicorp/aws\"]",
      "instances": [
        {
          "schema_version": 0,
          "attributes": {
            "id": "2690255455",
            "json": "{\n  \"Version\": \"2012-10-17\",\n  \"Statement\": [\n    {\n      \"Effect\": \"Allow\",\n      \"Action\": \"sts:AssumeRole\",\n      \"Principal\": {\n        \"Service\": \"lambda.amazonaws.com\"\n      }\n    }\n  ]\n}",
            "minified_json": "{\"Version\":\"2012-10-17\",\"Statement\":[{\"Effect\":\"Allow\",\"Action\":\"sts:AssumeRole\",\"Principal\":{\"Service\":\"lambda.amazonaws.com\"}}]}",
            "override_json": null,
            "override_policy_documents": null,
            "policy_id": null,
            "source_json": null,
            "source_policy_documents": null,
            "statement": [
              {
                "actions": [
                  "sts:AssumeRole"
                ],
                "condition": [],
                "effect": "Allow",
                "not_actions": [],
                "not_principals": [],
                "not_resources": [],
                "principals": [
                  {
                    "identifiers": [
                      "lambda.amazonaws.com"
                    ],
                    "type": "Service"
                  }
                ],
                "resources": [],
                "sid": ""
              }
            ],
            "version": "2012-10-17"
          },
          "sensitive_attributes": []
        }
      ]
    },
    {
      "mode": "data",
      "type": "aws_ssm_parameter",
      "name": "dbendpoint",
      "provider": "provider[\"registry.terraform.io/hashicorp/aws\"]",
      "instances": [
        {
          "schema_version": 0,
          "attributes": {
            "arn": "arn:aws:ssm:us-east-1:043309356933:parameter/dbendpoint",
            "id": "dbendpoint",
            "insecure_value": "wordpressdbclixx-ecs.cwl0iqw6qgrr.us-east-1.rds.amazonaws.com",
            "name": "dbendpoint",
            "region": "us-east-1",
            "type": "String",
            "value": "wordpressdbclixx-ecs.cwl0iqw6qgrr.us-east-1.rds.amazonaws.com",
            "version": 1,
            "with_decryption": true
          },
          "sensitive_attributes": [
            [
              {
                "type": "get_attr",
                "value": "value"
              }
            ]
          ]
        }
      ]
    },
    {
      "mode": "data",
      "type": "aws_ssm_parameter",
      "name": "dbpassword",
      "provider": "provider[\"registry.terraform.io/hashicorp/aws\"]",
      "instances": [
        {
          "schema_version": 0,
          "attributes": {
            "arn": "arn:aws:ssm:us-east-1:043309356933:parameter/dbpassword",
            "id": "dbpassword",
            "insecure_value": "W3lcome123",
            "name": "dbpassword",
            "region": "us-east-1",
            "type": "String",
            "value": "W3lcome123",
            "version": 1,
            "with_decryption": true
          },
          "sensitive_attributes": [
            [
              {
                "type": "get_attr",
                "value": "value"
              }
            ]
          ]
        }
      ]
    },
    {
      "mode": "data",
      "type": "aws_ssm_parameter",
      "name": "dbusername",
      "provider": "provider[\"registry.terraform.io/hashicorp/aws\"]",
      "instances": [
        {
          "schema_version": 0,
          "attributes": {
            "arn": "arn:aws:ssm:us-east-1:043309356933:parameter/Db_username",
            "id": "Db_username",
            "insecure_value": "wordpressuser",
            "name": "Db_username",
            "region": "us-east-1",
            "type": "String",
            "value": "wordpressuser",
            "version": 1,
            "with_decryption": true
          },
          "sensitive_attributes": [
            [
              {
                "type": "get_attr",
                "value": "value"
              }
            ]
          ]
        }
      ]
    },
    {
      "mode": "data",
      "type": "aws_subnet",
      "name": "selectedSubnet",
      "provider": "provider[\"registry.terraform.io/hashicorp/aws\"]",
      "instances": [
        {
          "schema_version": 0,
          "attributes": {
            "arn": "arn:aws:ec2:us-east-1:043309356933:subnet/subnet-0dec3d0fd10aa5a13",
            "assign_ipv6_address_on_creation": false,
            "availability_zone": "us-east-1a",
            "availability_zone_id": "use1-az1",
            "available_ip_address_count": 251,
            "cidr_block": "10.0.1.0/24",
            "customer_owned_ipv4_pool": "",
            "default_for_az": false,
            "enable_dns64": false,
            "enable_lni_at_device_index": 0,
            "enable_resource_name_dns_a_record_on_launch": false,
            "enable_resource_name_dns_aaaa_record_on_launch": false,
            "filter": [
              {
                "name": "tag:Name",
                "values": [
                  "Publicsubnet1"
                ]
              }
            ],
            "id": "subnet-0dec3d0fd10aa5a13",
            "ipv6_cidr_block": "",
            "ipv6_cidr_block_association_id": "",
            "ipv6_native": false,
            "map_customer_owned_ip_on_launch": false,
            "map_public_ip_on_launch": false,
            "outpost_arn": "",
            "owner_id": "043309356933",
            "private_dns_hostname_type_on_launch": "ip-name",
            "region": "us-east-1",
            "state": "available",
            "tags": {
              "Name": "Publicsubnet1"
            },
            "timeouts": null,
            "vpc_id": "vpc-08738e0dcb9858263"
          },
          "sensitive_attributes": []
        }
      ]
    },
    {
      "mode": "data",
      "type": "aws_subnet",
      "name": "selectedSubnet2",
      "provider": "provider[\"registry.terraform.io/hashicorp/aws\"]",
      "instances": [
        {
          "schema_version": 0,
          "attributes": {
            "arn": "arn:aws:ec2:us-east-1:043309356933:subnet/subnet-01c74627a1b9c3839",
            "assign_ipv6_address_on_creation": false,
            "availability_zone": "us-east-1b",
            "availability_zone_id": "use1-az2",
            "available_ip_address_count": 251,
            "cidr_block": "10.0.2.0/24",
            "customer_owned_ipv4_pool": "",
            "default_for_az": false,
            "enable_dns64": false,
            "enable_lni_at_device_index": 0,
            "enable_resource_name_dns_a_record_on_launch": false,
            "enable_resource_name_dns_aaaa_record_on_launch": false,
            "filter": [
              {
                "name": "tag:Name",
                "values": [
                  "Publicsubnet2"
                ]
              }
            ],
            "id": "subnet-01c74627a1b9c3839",
            "ipv6_cidr_block": "",
            "ipv6_cidr_block_association_id": "",
            "ipv6_native": false,
            "map_customer_owned_ip_on_launch": false,
            "map_public_ip_on_launch": false,
            "outpost_arn": "",
            "owner_id": "043309356933",
            "private_dns_hostname_type_on_launch": "ip-name",
            "region": "us-east-1",
            "state": "available",
            "tags": {
              "Name": "Publicsubnet2"
            },
            "timeouts": null,
            "vpc_id": "vpc-08738e0dcb9858263"
          },
          "sensitive_attributes": []
        }
      ]
    },
    {
      "mode": "data",
      "type": "aws_subnet",
      "name": "selectedSubnet3",
      "provider": "provider[\"registry.terraform.io/hashicorp/aws\"]",
      "instances": [
        {
          "schema_version": 0,
          "attributes": {
            "arn": "arn:aws:ec2:us-east-1:043309356933:subnet/subnet-0d8fc15c27986c11b",
            "assign_ipv6_address_on_creation": false,
            "availability_zone": "us-east-1a",
            "availability_zone_id": "use1-az1",
            "available_ip_address_count": 251,
            "cidr_block": "10.0.3.0/24",
            "customer_owned_ipv4_pool": "",
            "default_for_az": false,
            "enable_dns64": false,
            "enable_lni_at_device_index": 0,
            "enable_resource_name_dns_a_record_on_launch": false,
            "enable_resource_name_dns_aaaa_record_on_launch": false,
            "filter": [
              {
                "name": "tag:Name",
                "values": [
                  "Privatesubnet1"
                ]
              }
            ],
            "id": "subnet-0d8fc15c27986c11b",
            "ipv6_cidr_block": "",
            "ipv6_cidr_block_association_id": "",
            "ipv6_native": false,
            "map_customer_owned_ip_on_launch": false,
            "map_public_ip_on_launch": false,
            "outpost_arn": "",
            "owner_id": "043309356933",
            "private_dns_hostname_type_on_launch": "ip-name",
            "region": "us-east-1",
            "state": "available",
            "tags": {
              "Name": "Privatesubnet1"
            },
            "timeouts": null,
            "vpc_id": "vpc-08738e0dcb9858263"
          },
          "sensitive_attributes": []
        }
      ]
    },
    {
      "mode": "data",
      "type": "aws_subnet",
      "name": "selectedSubnet4",
      "provider": "provider[\"registry.terraform.io/hashicorp/aws\"]",
      "instances": [
        {
          "schema_version": 0,
          "attributes": {
            "arn": "arn:aws:ec2:us-east-1:043309356933:subnet/subnet-0d2cba087af2d4f77",
            "assign_ipv6_address_on_creation": false,
            "availability_zone": "us-east-1b",
            "availability_zone_id": "use1-az2",
            "available_ip_address_count": 251,
            "cidr_block": "10.0.4.0/24",
            "customer_owned_ipv4_pool": "",
            "default_for_az": false,
            "enable_dns64": false,
            "enable_lni_at_device_index": 0,
            "enable_resource_name_dns_a_record_on_launch": false,
            "enable_resource_name_dns_aaaa_record_on_launch": false,
            "filter": [
              {
                "name": "tag:Name",
                "values": [
                  "Privatesubnet2"
                ]
              }
            ],
            "id": "subnet-0d2cba087af2d4f77",
            "ipv6_cidr_block": "",
            "ipv6_cidr_block_association_id": "",
            "ipv6_native": false,
            "map_customer_owned_ip_on_launch": false,
            "map_public_ip_on_launch": false,
            "outpost_arn": "",
            "owner_id": "043309356933",
            "private_dns_hostname_type_on_launch": "ip-name",
            "region": "us-east-1",
            "state": "available",
            "tags": {
              "Name": "Privatesubnet2"
            },
            "timeouts": null,
            "vpc_id": "vpc-08738e0dcb9858263"
          },
          "sensitive_attributes": []
        }
      ]
    },
    {
      "mode": "data",
      "type": "aws_subnet",
      "name": "selectedSubnet5",
      "provider": "provider[\"registry.terraform.io/hashicorp/aws\"]",
      "instances": [
        {
          "schema_version": 0,
          "attributes": {
            "arn": "arn:aws:ec2:us-east-1:043309356933:subnet/subnet-050546ca5e14bef27",
            "assign_ipv6_address_on_creation": false,
            "availability_zone": "us-east-1a",
            "availability_zone_id": "use1-az1",
            "available_ip_address_count": 251,
            "cidr_block": "10.0.5.0/24",
            "customer_owned_ipv4_pool": "",
            "default_for_az": false,
            "enable_dns64": false,
            "enable_lni_at_device_index": 0,
            "enable_resource_name_dns_a_record_on_launch": false,
            "enable_resource_name_dns_aaaa_record_on_launch": false,
            "filter": [
              {
                "name": "tag:Name",
                "values": [
                  "Privatesubnet3"
                ]
              }
            ],
            "id": "subnet-050546ca5e14bef27",
            "ipv6_cidr_block": "",
            "ipv6_cidr_block_association_id": "",
            "ipv6_native": false,
            "map_customer_owned_ip_on_launch": false,
            "map_public_ip_on_launch": false,
            "outpost_arn": "",
            "owner_id": "043309356933",
            "private_dns_hostname_type_on_launch": "ip-name",
            "region": "us-east-1",
            "state": "available",
            "tags": {
              "Name": "Privatesubnet3"
            },
            "timeouts": null,
            "vpc_id": "vpc-08738e0dcb9858263"
          },
          "sensitive_attributes": []
        }
      ]
    },
    {
      "mode": "data",
      "type": "aws_subnet",
      "name": "selectedSubnet6",
      "provider": "provider[\"registry.terraform.io/hashicorp/aws\"]",
      "instances": [
        {
          "schema_version": 0,
          "attributes": {
            "arn": "arn:aws:ec2:us-east-1:043309356933:subnet/subnet-0cf7cc65ae4039b5e",
            "assign_ipv6_address_on_creation": false,
            "availability_zone": "us-east-1b",
            "availability_zone_id": "use1-az2",
            "available_ip_address_count": 251,
            "cidr_block": "10.0.6.0/24",
            "customer_owned_ipv4_pool": "",
            "default_for_az": false,
            "enable_dns64": false,
            "enable_lni_at_device_index": 0,
            "enable_resource_name_dns_a_record_on_launch": false,
            "enable_resource_name_dns_aaaa_record_on_launch": false,
            "filter": [
              {
                "name": "tag:Name",
                "values": [
                  "Privatesubnet4"
                ]
              }
            ],
            "id": "subnet-0cf7cc65ae4039b5e",
            "ipv6_cidr_block": "",
            "ipv6_cidr_block_association_id": "",
            "ipv6_native": false,
            "map_customer_owned_ip_on_launch": false,
            "map_public_ip_on_launch": false,
            "outpost_arn": "",
            "owner_id": "043309356933",
            "private_dns_hostname_type_on_launch": "ip-name",
            "region": "us-east-1",
            "state": "available",
            "tags": {
              "Name": "Privatesubnet4"
            },
            "timeouts": null,
            "vpc_id": "vpc-08738e0dcb9858263"
          },
          "sensitive_attributes": []
        }
      ]
    },
    {
      "mode": "managed",
      "type": "aws_autoscaling_group",
      "name": "AG",
      "provider": "provider[\"registry.terraform.io/hashicorp/aws\"]",
      "instances": [
        {
          "status": "tainted",
          "schema_version": 1,
          "attributes": {
            "arn": null,
            "availability_zone_distribution": null,
            "availability_zones": [],
            "capacity_rebalance": null,
            "capacity_reservation_specification": null,
            "context": null,
            "default_cooldown": null,
            "default_instance_warmup": null,
            "desired_capacity": 1,
            "desired_capacity_type": null,
            "enabled_metrics": null,
            "force_delete": true,
            "force_delete_warm_pool": false,
            "health_check_grace_period": 300,
            "health_check_type": "ELB",
            "id": "TerraformAG",
            "ignore_failed_scaling_activities": false,
            "initial_lifecycle_hook": [],
            "instance_maintenance_policy": [],
            "instance_refresh": [],
            "launch_configuration": null,
            "launch_template": [
              {
                "id": "lt-04764a7c76d92f84f",
                "name": "",
                "version": "$Latest"
              }
            ],
            "load_balancers": [],
            "max_instance_lifetime": null,
            "max_size": 5,
            "metrics_granularity": "1Minute",
            "min_elb_capacity": null,
            "min_size": 1,
            "mixed_instances_policy": null,
            "name": "TerraformAG",
            "name_prefix": null,
            "placement_group": null,
            "predicted_capacity": null,
            "protect_from_scale_in": false,
            "region": "us-east-1",
            "service_linked_role_arn": null,
            "suspended_processes": null,
            "tag": [
              {
                "key": "Name",
                "propagate_at_launch": false,
                "value": "AzeezTerraformInstance"
              }
            ],
            "target_group_arns": [
              "arn:aws:elasticloadbalancing:us-east-1:043309356933:targetgroup/LoadBalancerTG/a48cafc19458e4a8"
            ],
            "termination_policies": null,
            "timeouts": {
              "delete": "15m",
              "update": null
            },
            "traffic_source": [],
            "vpc_zone_identifier": [
              "subnet-0d2cba087af2d4f77",
              "subnet-0d8fc15c27986c11b"
            ],
            "wait_for_capacity_timeout": "10m",
            "wait_for_elb_capacity": null,
            "warm_pool": [],
            "warm_pool_size": null
          },
          "sensitive_attributes": [],
          "private": "eyJlMmJmYjczMC1lY2FhLTExZTYtOGY4OC0zNDM2M2JjN2M0YzAiOnsiZGVsZXRlIjo5MDAwMDAwMDAwMDAsInVwZGF0ZSI6NjAwMDAwMDAwMDAwfSwic2NoZW1hX3ZlcnNpb24iOiIxIn0=",
          "dependencies": [
            "aws_efs_file_system.efsclixx",
            "aws_iam_instance_profile.SSMProfile",
            "aws_iam_role.SSMRole",
            "aws_launch_template.Template",
            "aws_lb.ClixxLB",
            "aws_lb_target_group.TG",
            "aws_security_group.Bastionssh",
            "aws_security_group.EC2",
            "aws_security_group.LB",
            "aws_subnet.Privateubnet1",
            "aws_subnet.Privateubnet2",
            "aws_subnet.Publicsubnet1",
            "aws_subnet.Publicsubnet2",
            "aws_vpc.TerraformVPC",
            "data.aws_ssm_parameter.dbendpoint",
            "data.aws_ssm_parameter.dbpassword",
            "data.aws_ssm_parameter.dbusername"
          ],
          "create_before_destroy": true
        }
      ]
    },
    {
      "mode": "managed",
      "type": "aws_cloudwatch_event_rule",
      "name": "guardduty_findings",
      "provider": "provider[\"registry.terraform.io/hashicorp/aws\"]",
      "instances": [
        {
          "schema_version": 1,
          "attributes": {
            "arn": "arn:aws:events:us-east-1:043309356933:rule/guardduty-findings",
            "description": "Capture all GuardDuty findings",
            "event_bus_name": "default",
            "event_pattern": "{\"source\":[\"aws.guardduty\"]}",
            "force_destroy": false,
            "id": "guardduty-findings",
            "is_enabled": true,
            "name": "guardduty-findings",
            "name_prefix": "",
            "region": "us-east-1",
            "role_arn": "",
            "schedule_expression": "",
            "state": "ENABLED",
            "tags": null,
            "tags_all": {}
          },
          "sensitive_attributes": [],
          "private": "eyJzY2hlbWFfdmVyc2lvbiI6IjEifQ=="
        }
      ]
    },
    {
      "mode": "managed",
      "type": "aws_cloudwatch_event_target",
      "name": "guardduty_lambda",
      "provider": "provider[\"registry.terraform.io/hashicorp/aws\"]",
      "instances": [
        {
          "schema_version": 1,
          "attributes": {
            "appsync_target": [],
            "arn": "arn:aws:lambda:us-east-1:043309356933:function:guardduty-remediation-process",
            "batch_target": [],
            "dead_letter_config": [],
            "ecs_target": [],
            "event_bus_name": "default",
            "force_destroy": false,
            "http_target": [],
            "id": "guardduty-findings-GuardDutyQuarantineLambda",
            "input": "",
            "input_path": "",
            "input_transformer": [],
            "kinesis_target": [],
            "redshift_target": [],
            "region": "us-east-1",
            "retry_policy": [],
            "role_arn": "",
            "rule": "guardduty-findings",
            "run_command_targets": [],
            "sagemaker_pipeline_target": [],
            "sqs_target": [],
            "target_id": "GuardDutyQuarantineLambda"
          },
          "sensitive_attributes": [],
          "private": "eyJzY2hlbWFfdmVyc2lvbiI6IjEifQ==",
          "dependencies": [
            "aws_cloudwatch_event_rule.guardduty_findings",
            "aws_iam_role.lambda_role",
            "aws_lambda_function.quarantine",
            "data.aws_iam_policy_document.assume_role"
          ]
        }
      ]
    },
    {
      "mode": "managed",
      "type": "aws_cloudwatch_event_target",
      "name": "sns_target",
      "provider": "provider[\"registry.terraform.io/hashicorp/aws\"]",
      "instances": [
        {
          "schema_version": 1,
          "attributes": {
            "appsync_target": [],
            "arn": "arn:aws:sns:us-east-1:043309356933:guardduty-alerts",
            "batch_target": [],
            "dead_letter_config": [],
            "ecs_target": [],
            "event_bus_name": "default",
            "force_destroy": false,
            "http_target": [],
            "id": "guardduty-findings-SendToSNS",
            "input": "",
            "input_path": "",
            "input_transformer": [],
            "kinesis_target": [],
            "redshift_target": [],
            "region": "us-east-1",
            "retry_policy": [],
            "role_arn": "",
            "rule": "guardduty-findings",
            "run_command_targets": [],
            "sagemaker_pipeline_target": [],
            "sqs_target": [],
            "target_id": "SendToSNS"
          },
          "sensitive_attributes": [],
          "private": "eyJzY2hlbWFfdmVyc2lvbiI6IjEifQ==",
          "dependencies": [
            "aws_cloudwatch_event_rule.guardduty_findings",
            "aws_sns_topic.guardduty_alerts"
          ]
        }
      ]
    },
    {
      "mode": "managed",
      "type": "aws_cloudwatch_metric_alarm",
      "name": "alarm2",
      "provider": "provider[\"registry.terraform.io/hashicorp/aws\"]",
      "instances": [
        {
          "schema_version": 1,
          "attributes": {
            "actions_enabled": true,
            "alarm_actions": [
              "arn:aws:sns:us-east-1:043309356933:CPU_UTILIZATION_GREATER_THAN_THRESHOLD_RDSDATABASE"
            ],
            "alarm_description": "This metric monitors rds cpu utilization",
            "alarm_name": "CPUUTILIZATION_ALARM_RDS",
            "arn": "arn:aws:cloudwatch:us-east-1:043309356933:alarm:CPUUTILIZATION_ALARM_RDS",
            "comparison_operator": "GreaterThanOrEqualToThreshold",
            "datapoints_to_alarm": 0,
            "dimensions": {
              "DBInstanceIdentifier": "wordpressdbclixx-ecs"
            },
            "evaluate_low_sample_count_percentiles": "",
            "evaluation_periods": 2,
            "extended_statistic": "",
            "id": "CPUUTILIZATION_ALARM_RDS",
            "insufficient_data_actions": null,
            "metric_name": "CPUUtilization",
            "metric_query": [],
            "namespace": "AWS/RDS",
            "ok_actions": null,
            "period": 120,
            "region": "us-east-1",
            "statistic": "Average",
            "tags": null,
            "tags_all": {},
            "threshold": 50,
            "threshold_metric_id": "",
            "treat_missing_data": "missing",
            "unit": ""
          },
          "sensitive_attributes": [],
          "private": "eyJzY2hlbWFfdmVyc2lvbiI6IjEifQ==",
          "dependencies": [
            "aws_db_instance.restored_db",
            "aws_db_subnet_group.groupdb",
            "aws_security_group.Bastionssh",
            "aws_security_group.EC2",
            "aws_security_group.LB",
            "aws_security_group.RDSIngress",
            "aws_sns_topic.cpualarm1",
            "aws_subnet.Privateubnet3",
            "aws_subnet.Privateubnet4",
            "aws_vpc.TerraformVPC"
          ]
        }
      ]
    },
    {
      "mode": "managed",
      "type": "aws_db_instance",
      "name": "restored_db",
      "provider": "provider[\"registry.terraform.io/hashicorp/aws\"]",
      "instances": [
        {
          "schema_version": 2,
          "attributes": {
            "address": "wordpressdbclixx-ecs.cwl0iqw6qgrr.us-east-1.rds.amazonaws.com",
            "allocated_storage": 20,
            "allow_major_version_upgrade": null,
            "apply_immediately": false,
            "arn": "arn:aws:rds:us-east-1:043309356933:db:wordpressdbclixx-ecs",
            "auto_minor_version_upgrade": true,
            "availability_zone": "us-east-1b",
            "backup_retention_period": 0,
            "backup_target": "region",
            "backup_window": "08:17-08:47",
            "blue_green_update": [],
            "ca_cert_identifier": "rds-ca-rsa2048-g1",
            "character_set_name": "",
            "copy_tags_to_snapshot": false,
            "custom_iam_instance_profile": "",
            "customer_owned_ip_enabled": false,
            "database_insights_mode": "standard",
            "db_name": "wordpressdb",
            "db_subnet_group_name": "my-db-subnet-group",
            "dedicated_log_volume": false,
            "delete_automated_backups": true,
            "deletion_protection": false,
            "domain": "",
            "domain_auth_secret_arn": "",
            "domain_dns_ips": null,
            "domain_fqdn": "",
            "domain_iam_role_name": "",
            "domain_ou": "",
            "enabled_cloudwatch_logs_exports": null,
            "endpoint": "wordpressdbclixx-ecs.cwl0iqw6qgrr.us-east-1.rds.amazonaws.com:3306",
            "engine": "mysql",
            "engine_lifecycle_support": "open-source-rds-extended-support",
            "engine_version": "8.0.28",
            "engine_version_actual": "8.0.28",
            "final_snapshot_identifier": null,
            "hosted_zone_id": "Z2R2ITUGPM61AM",
            "iam_database_authentication_enabled": false,
            "id": "db-X2227ENTN2W5WN6UI2KTDUJ5XQ",
            "identifier": "wordpressdbclixx-ecs",
            "identifier_prefix": "",
            "instance_class": "db.m6gd.large",
            "iops": 0,
            "kms_key_id": "",
            "latest_restorable_time": "",
            "license_model": "general-public-license",
            "listener_endpoint": [],
            "maintenance_window": "sun:06:00-sun:06:30",
            "manage_master_user_password": null,
            "master_user_secret": [],
            "master_user_secret_kms_key_id": null,
            "max_allocated_storage": 0,
            "monitoring_interval": 0,
            "monitoring_role_arn": "",
            "multi_az": false,
            "nchar_character_set_name": "",
            "network_type": "IPV4",
            "option_group_name": "default:mysql-8-0",
            "parameter_group_name": "default.mysql8.0",
            "password": "W3lcome123",
            "password_wo": null,
            "password_wo_version": null,
            "performance_insights_enabled": false,
            "performance_insights_kms_key_id": "",
            "performance_insights_retention_period": 0,
            "port": 3306,
            "publicly_accessible": true,
            "region": "us-east-1",
            "replica_mode": "",
            "replicas": [],
            "replicate_source_db": "",
            "resource_id": "db-X2227ENTN2W5WN6UI2KTDUJ5XQ",
            "restore_to_point_in_time": [],
            "s3_import": [],
            "skip_final_snapshot": true,
            "snapshot_identifier": "arn:aws:rds:us-east-1:043309356933:snapshot:wordpressdb",
            "status": "available",
            "storage_encrypted": false,
            "storage_throughput": 0,
            "storage_type": "gp2",
            "tags": {
              "Name": "wordpressdb"
            },
            "tags_all": {
              "Name": "wordpressdb"
            },
            "timeouts": null,
            "timezone": "",
            "upgrade_storage_config": null,
            "username": "wordpressuser",
            "vpc_security_group_ids": [
              "sg-0367f8c710766f280"
            ]
          },
          "sensitive_attributes": [
            [
              {
                "type": "get_attr",
                "value": "password"
              }
            ],
            [
              {
                "type": "get_attr",
                "value": "password_wo"
              }
            ]
          ],
          "private": "eyJlMmJmYjczMC1lY2FhLTExZTYtOGY4OC0zNDM2M2JjN2M0YzAiOnsiY3JlYXRlIjozMDAwMDAwMDAwMDAwLCJkZWxldGUiOjM2MDAwMDAwMDAwMDAsInVwZGF0ZSI6NDgwMDAwMDAwMDAwMH0sInNjaGVtYV92ZXJzaW9uIjoiMiJ9",
          "dependencies": [
            "aws_db_subnet_group.groupdb",
            "aws_security_group.Bastionssh",
            "aws_security_group.EC2",
            "aws_security_group.LB",
            "aws_security_group.RDSIngress",
            "aws_subnet.Privateubnet3",
            "aws_subnet.Privateubnet4",
            "aws_vpc.TerraformVPC"
          ]
        }
      ]
    },
    {
      "mode": "managed",
      "type": "aws_db_subnet_group",
      "name": "groupdb",
      "provider": "provider[\"registry.terraform.io/hashicorp/aws\"]",
      "instances": [
        {
          "schema_version": 0,
          "attributes": {
            "arn": "arn:aws:rds:us-east-1:043309356933:subgrp:my-db-subnet-group",
            "description": "Managed by Terraform",
            "id": "my-db-subnet-group",
            "name": "my-db-subnet-group",
            "name_prefix": "",
            "region": "us-east-1",
            "subnet_ids": [
              "subnet-050546ca5e14bef27",
              "subnet-0cf7cc65ae4039b5e"
            ],
            "supported_network_types": [
              "IPV4"
            ],
            "tags": {
              "Name": "My_DB_Subnet_Group"
            },
            "tags_all": {
              "Name": "My_DB_Subnet_Group"
            },
            "vpc_id": "vpc-08738e0dcb9858263"
          },
          "sensitive_attributes": [],
          "private": "bnVsbA==",
          "dependencies": [
            "aws_subnet.Privateubnet3",
            "aws_subnet.Privateubnet4",
            "aws_vpc.TerraformVPC"
          ]
        }
      ]
    },
    {
      "mode": "managed",
      "type": "aws_efs_file_system",
      "name": "efsclixx",
      "provider": "provider[\"registry.terraform.io/hashicorp/aws\"]",
      "instances": [
        {
          "schema_version": 0,
          "attributes": {
            "arn": "arn:aws:elasticfilesystem:us-east-1:043309356933:file-system/fs-077a4e22299a834ab",
            "availability_zone_id": "",
            "availability_zone_name": "",
            "creation_token": "terraform-20251112183103437000000001",
            "dns_name": "fs-077a4e22299a834ab.efs.us-east-1.amazonaws.com",
            "encrypted": false,
            "id": "fs-077a4e22299a834ab",
            "kms_key_id": "",
            "lifecycle_policy": [],
            "name": "CLiXXEFS",
            "number_of_mount_targets": 0,
            "owner_id": "043309356933",
            "performance_mode": "generalPurpose",
            "protection": [
              {
                "replication_overwrite": "ENABLED"
              }
            ],
            "provisioned_throughput_in_mibps": 0,
            "region": "us-east-1",
            "size_in_bytes": [
              {
                "value": 6144,
                "value_in_ia": 0,
                "value_in_standard": 6144
              }
            ],
            "tags": {
              "Name": "CLiXXEFS"
            },
            "tags_all": {
              "Name": "CLiXXEFS"
            },
            "throughput_mode": "bursting"
          },
          "sensitive_attributes": [],
          "private": "bnVsbA==",
          "create_before_destroy": true
        }
      ]
    },
    {
      "mode": "managed",
      "type": "aws_efs_mount_target",
      "name": "alpha",
      "provider": "provider[\"registry.terraform.io/hashicorp/aws\"]",
      "instances": [
        {
          "schema_version": 0,
          "attributes": {
            "availability_zone_id": "use1-az1",
            "availability_zone_name": "us-east-1a",
            "dns_name": "fs-077a4e22299a834ab.efs.us-east-1.amazonaws.com",
            "file_system_arn": "arn:aws:elasticfilesystem:us-east-1:043309356933:file-system/fs-077a4e22299a834ab",
            "file_system_id": "fs-077a4e22299a834ab",
            "id": "fsmt-0494c78f7f5a383e0",
            "ip_address": "10.0.3.224",
            "ip_address_type": "IPV4_ONLY",
            "ipv6_address": "",
            "mount_target_dns_name": "us-east-1a.fs-077a4e22299a834ab.efs.us-east-1.amazonaws.com",
            "network_interface_id": "eni-09e8679642d4fba32",
            "owner_id": "043309356933",
            "region": "us-east-1",
            "security_groups": [
              "sg-0d1c1926a3d1a424c"
            ],
            "subnet_id": "subnet-0d8fc15c27986c11b",
            "timeouts": null
          },
          "sensitive_attributes": [],
          "private": "eyJlMmJmYjczMC1lY2FhLTExZTYtOGY4OC0zNDM2M2JjN2M0YzAiOnsiY3JlYXRlIjoxODAwMDAwMDAwMDAwLCJkZWxldGUiOjYwMDAwMDAwMDAwMH19",
          "dependencies": [
            "aws_efs_file_system.efsclixx",
            "aws_security_group.Bastionssh",
            "aws_security_group.EC2",
            "aws_security_group.EFSIngress",
            "aws_security_group.LB",
            "aws_subnet.Privateubnet1",
            "aws_vpc.TerraformVPC"
          ]
        }
      ]
    },
    {
      "mode": "managed",
      "type": "aws_efs_mount_target",
      "name": "alpha2",
      "provider": "provider[\"registry.terraform.io/hashicorp/aws\"]",
      "instances": [
        {
          "schema_version": 0,
          "attributes": {
            "availability_zone_id": "use1-az2",
            "availability_zone_name": "us-east-1b",
            "dns_name": "fs-077a4e22299a834ab.efs.us-east-1.amazonaws.com",
            "file_system_arn": "arn:aws:elasticfilesystem:us-east-1:043309356933:file-system/fs-077a4e22299a834ab",
            "file_system_id": "fs-077a4e22299a834ab",
            "id": "fsmt-09c32989be0214006",
            "ip_address": "10.0.4.105",
            "ip_address_type": "IPV4_ONLY",
            "ipv6_address": "",
            "mount_target_dns_name": "us-east-1b.fs-077a4e22299a834ab.efs.us-east-1.amazonaws.com",
            "network_interface_id": "eni-0d1068374ea20be81",
            "owner_id": "043309356933",
            "region": "us-east-1",
            "security_groups": [
              "sg-0d1c1926a3d1a424c"
            ],
            "subnet_id": "subnet-0d2cba087af2d4f77",
            "timeouts": null
          },
          "sensitive_attributes": [],
          "private": "eyJlMmJmYjczMC1lY2FhLTExZTYtOGY4OC0zNDM2M2JjN2M0YzAiOnsiY3JlYXRlIjoxODAwMDAwMDAwMDAwLCJkZWxldGUiOjYwMDAwMDAwMDAwMH19",
          "dependencies": [
            "aws_efs_file_system.efsclixx",
            "aws_security_group.Bastionssh",
            "aws_security_group.EC2",
            "aws_security_group.EFSIngress",
            "aws_security_group.LB",
            "aws_subnet.Privateubnet2",
            "aws_vpc.TerraformVPC"
          ]
        }
      ]
    },
    {
      "mode": "managed",
      "type": "aws_guardduty_detector",
      "name": "MyDetector",
      "provider": "provider[\"registry.terraform.io/hashicorp/aws\"]",
      "instances": [
        {
          "schema_version": 0,
          "attributes": {
            "account_id": "043309356933",
            "arn": "arn:aws:guardduty:us-east-1:043309356933:detector/34cd3caaf54a2b52c10b50148921a2ae",
            "datasources": [
              {
                "kubernetes": [
                  {
                    "audit_logs": [
                      {
                        "enable": true
                      }
                    ]
                  }
                ],
                "malware_protection": [
                  {
                    "scan_ec2_instance_with_findings": [
                      {
                        "ebs_volumes": [
                          {
                            "enable": true
                          }
                        ]
                      }
                    ]
                  }
                ],
                "s3_logs": [
                  {
                    "enable": true
                  }
                ]
              }
            ],
            "enable": true,
            "finding_publishing_frequency": "SIX_HOURS",
            "id": "34cd3caaf54a2b52c10b50148921a2ae",
            "region": "us-east-1",
            "tags": null,
            "tags_all": {}
          },
          "sensitive_attributes": [],
          "private": "bnVsbA=="
        }
      ]
    },
    {
      "mode": "managed",
      "type": "aws_guardduty_detector_feature",
      "name": "ebs",
      "provider": "provider[\"registry.terraform.io/hashicorp/aws\"]",
      "instances": [
        {
          "schema_version": 0,
          "attributes": {
            "additional_configuration": [],
            "detector_id": "34cd3caaf54a2b52c10b50148921a2ae",
            "id": "34cd3caaf54a2b52c10b50148921a2ae/EBS_MALWARE_PROTECTION",
            "name": "EBS_MALWARE_PROTECTION",
            "region": "us-east-1",
            "status": "ENABLED"
          },
          "sensitive_attributes": [],
          "private": "bnVsbA==",
          "dependencies": [
            "aws_guardduty_detector.MyDetector"
          ]
        }
      ]
    },
    {
      "mode": "managed",
      "type": "aws_guardduty_detector_feature",
      "name": "eks_protection",
      "provider": "provider[\"registry.terraform.io/hashicorp/aws\"]",
      "instances": [
        {
          "schema_version": 0,
          "attributes": {
            "additional_configuration": [],
            "detector_id": "34cd3caaf54a2b52c10b50148921a2ae",
            "id": "34cd3caaf54a2b52c10b50148921a2ae/EKS_AUDIT_LOGS",
            "name": "EKS_AUDIT_LOGS",
            "region": "us-east-1",
            "status": "ENABLED"
          },
          "sensitive_attributes": [],
          "private": "bnVsbA==",
          "dependencies": [
            "aws_guardduty_detector.MyDetector"
          ]
        }
      ]
    },
    {
      "mode": "managed",
      "type": "aws_guardduty_detector_feature",
      "name": "rds",
      "provider": "provider[\"registry.terraform.io/hashicorp/aws\"]",
      "instances": [
        {
          "schema_version": 0,
          "attributes": {
            "additional_configuration": [],
            "detector_id": "34cd3caaf54a2b52c10b50148921a2ae",
            "id": "34cd3caaf54a2b52c10b50148921a2ae/RDS_LOGIN_EVENTS",
            "name": "RDS_LOGIN_EVENTS",
            "region": "us-east-1",
            "status": "ENABLED"
          },
          "sensitive_attributes": [],
          "private": "bnVsbA==",
          "dependencies": [
            "aws_guardduty_detector.MyDetector"
          ]
        }
      ]
    },
    {
      "mode": "managed",
      "type": "aws_guardduty_detector_feature",
      "name": "s3",
      "provider": "provider[\"registry.terraform.io/hashicorp/aws\"]",
      "instances": [
        {
          "schema_version": 0,
          "attributes": {
            "additional_configuration": [],
            "detector_id": "34cd3caaf54a2b52c10b50148921a2ae",
            "id": "34cd3caaf54a2b52c10b50148921a2ae/S3_DATA_EVENTS",
            "name": "S3_DATA_EVENTS",
            "region": "us-east-1",
            "status": "ENABLED"
          },
          "sensitive_attributes": [],
          "private": "bnVsbA==",
          "dependencies": [
            "aws_guardduty_detector.MyDetector"
          ]
        }
      ]
    },
    {
      "mode": "managed",
      "type": "aws_iam_instance_profile",
      "name": "SSMProfile",
      "provider": "provider[\"registry.terraform.io/hashicorp/aws\"]",
      "instances": [
        {
          "schema_version": 0,
          "attributes": {
            "arn": "arn:aws:iam::043309356933:instance-profile/SSMProfile",
            "create_date": "2025-11-12T18:31:05Z",
            "id": "SSMProfile",
            "name": "SSMProfile",
            "name_prefix": "",
            "path": "/",
            "role": "SSMRole2",
            "tags": null,
            "tags_all": {},
            "unique_id": "AIPAQUFLQK6C2EFFXEZM2"
          },
          "sensitive_attributes": [],
          "private": "bnVsbA==",
          "dependencies": [
            "aws_iam_role.SSMRole"
          ],
          "create_before_destroy": true
        }
      ]
    },
    {
      "mode": "managed",
      "type": "aws_iam_role",
      "name": "SSMRole",
      "provider": "provider[\"registry.terraform.io/hashicorp/aws\"]",
      "instances": [
        {
          "schema_version": 0,
          "attributes": {
            "arn": "arn:aws:iam::043309356933:role/SSMRole2",
            "assume_role_policy": "{\"Statement\":[{\"Action\":\"sts:AssumeRole\",\"Effect\":\"Allow\",\"Principal\":{\"Service\":\"ec2.amazonaws.com\"}}],\"Version\":\"2012-10-17\"}",
            "create_date": "2025-11-12T18:31:05Z",
            "description": "",
            "force_detach_policies": false,
            "id": "SSMRole2",
            "inline_policy": [],
            "managed_policy_arns": [],
            "max_session_duration": 3600,
            "name": "SSMRole2",
            "name_prefix": "",
            "path": "/",
            "permissions_boundary": "",
            "tags": null,
            "tags_all": {},
            "unique_id": "AROAQUFLQK6C2NLPGEJEX"
          },
          "sensitive_attributes": [],
          "private": "bnVsbA==",
          "create_before_destroy": true
        }
      ]
    },
    {
      "mode": "managed",
      "type": "aws_iam_role",
      "name": "lambda_role",
      "provider": "provider[\"registry.terraform.io/hashicorp/aws\"]",
      "instances": [
        {
          "schema_version": 0,
          "attributes": {
            "arn": "arn:aws:iam::043309356933:role/lambda_execution_role",
            "assume_role_policy": "{\"Statement\":[{\"Action\":\"sts:AssumeRole\",\"Effect\":\"Allow\",\"Principal\":{\"Service\":\"lambda.amazonaws.com\"}}],\"Version\":\"2012-10-17\"}",
            "create_date": "2025-11-12T18:31:05Z",
            "description": "",
            "force_detach_policies": false,
            "id": "lambda_execution_role",
            "inline_policy": [],
            "managed_policy_arns": [],
            "max_session_duration": 3600,
            "name": "lambda_execution_role",
            "name_prefix": "",
            "path": "/",
            "permissions_boundary": "",
            "tags": null,
            "tags_all": {},
            "unique_id": "AROAQUFLQK6CWD27XOMJG"
          },
          "sensitive_attributes": [],
          "private": "bnVsbA==",
          "dependencies": [
            "data.aws_iam_policy_document.assume_role"
          ]
        }
      ]
    },
    {
      "mode": "managed",
      "type": "aws_iam_role_policy",
      "name": "lambda_policy",
      "provider": "provider[\"registry.terraform.io/hashicorp/aws\"]",
      "instances": [
        {
          "schema_version": 0,
          "attributes": {
            "id": "lambda_execution_role:lambda_guardduty_policy",
            "name": "lambda_guardduty_policy",
            "name_prefix": "",
            "policy": "{\"Version\":\"2012-10-17\",\"Statement\":[{\"Action\":[\"ec2:DescribeInstances\",\"ec2:ModifyInstanceAttribute\",\"ec2:DescribeVolumes\",\"ec2:CreateSnapshot\",\"ec2:DescribeSecurityGroups\",\"ec2:ModifyInstanceAttribute\",\"ec2:DescribeVolumes\",\"ec2:StopInstances\"],\"Effect\":\"Allow\",\"Resource\":\"*\"},{\"Action\":[\"autoscaling:DetachInstances\",\"autoscaling:SetInstanceProtection\"],\"Effect\":\"Allow\",\"Resource\":\"*\"},{\"Action\":[\"elasticloadbalancing:DeregisterTargets\",\"elasticloadbalancing:DescribeTargetGroups\",\"elasticloadbalancing:DescribeTargetHealth\"],\"Effect\":\"Allow\",\"Resource\":\"*\"},{\"Action\":[\"ssm:SendCommand\",\"ssm:GetCommandInvocation\"],\"Effect\":\"Allow\",\"Resource\":\"*\"},{\"Action\":[\"logs:CreateLogGroup\",\"logs:CreateLogStream\",\"logs:PutLogEvents\"],\"Effect\":\"Allow\",\"Resource\":\"*\"},{\"Action\":[\"sns:Publish\"],\"Effect\":\"Allow\",\"Resource\":\"arn:aws:sns:us-east-1:043309356933:guardduty-alerts\"}]}",
            "role": "lambda_execution_role"
          },
          "sensitive_attributes": [],
          "private": "bnVsbA==",
          "dependencies": [
            "aws_iam_role.lambda_role",
            "aws_sns_topic.guardduty_alerts",
            "data.aws_iam_policy_document.assume_role"
          ]
        }
      ]
    },
    {
      "mode": "managed",
      "type": "aws_iam_role_policy_attachment",
      "name": "SSMAttach",
      "provider": "provider[\"registry.terraform.io/hashicorp/aws\"]",
      "instances": [
        {
          "schema_version": 0,
          "attributes": {
            "id": "SSMRole2/arn:aws:iam::aws:policy/AmazonSSMManagedInstanceCore",
            "policy_arn": "arn:aws:iam::aws:policy/AmazonSSMManagedInstanceCore",
            "role": "SSMRole2"
          },
          "sensitive_attributes": [],
          "private": "bnVsbA==",
          "dependencies": [
            "aws_iam_role.SSMRole"
          ]
        }
      ]
    },
    {
      "mode": "managed",
      "type": "aws_instance",
      "name": "example",
      "provider": "provider[\"registry.terraform.io/hashicorp/aws\"]",
      "instances": [
        {
          "schema_version": 2,
          "attributes": {
            "ami": "ami-0028d7b894e925917",
            "arn": "arn:aws:ec2:us-east-1:043309356933:instance/i-04517a18749e6622d",
            "associate_public_ip_address": true,
            "availability_zone": "us-east-1a",
            "capacity_reservation_specification": [
              {
                "capacity_reservation_preference": "open",
                "capacity_reservation_target": []
              }
            ],
            "cpu_options": [
              {
                "amd_sev_snp": "",
                "core_count": 1,
                "threads_per_core": 1
              }
            ],
            "credit_specification": [
              {
                "cpu_credits": "standard"
              }
            ],
            "disable_api_stop": false,
            "disable_api_termination": false,
            "ebs_block_device": [],
            "ebs_optimized": false,
            "enable_primary_ipv6": null,
            "enclave_options": [
              {
                "enabled": false
              }
            ],
            "ephemeral_block_device": [],
            "force_destroy": false,
            "get_password_data": false,
            "hibernation": false,
            "host_id": "",
            "host_resource_group_arn": null,
            "iam_instance_profile": "",
            "id": "i-04517a18749e6622d",
            "instance_initiated_shutdown_behavior": "stop",
            "instance_lifecycle": "",
            "instance_market_options": [],
            "instance_state": "running",
            "instance_type": "t2.micro",
            "ipv6_address_count": 0,
            "ipv6_addresses": [],
            "key_name": "TerraformKey",
            "launch_template": [],
            "maintenance_options": [
              {
                "auto_recovery": "default"
              }
            ],
            "metadata_options": [
              {
                "http_endpoint": "enabled",
                "http_protocol_ipv6": "disabled",
                "http_put_response_hop_limit": 1,
                "http_tokens": "optional",
                "instance_metadata_tags": "disabled"
              }
            ],
            "monitoring": false,
            "network_interface": [],
            "outpost_arn": "",
            "password_data": "",
            "placement_group": "",
            "placement_group_id": "",
            "placement_partition_number": 0,
            "primary_network_interface": [
              {
                "delete_on_termination": true,
                "network_interface_id": "eni-0e576aaf7b097d448"
              }
            ],
            "primary_network_interface_id": "eni-0e576aaf7b097d448",
            "private_dns": "ip-10-0-1-149.ec2.internal",
            "private_dns_name_options": [
              {
                "enable_resource_name_dns_a_record": false,
                "enable_resource_name_dns_aaaa_record": false,
                "hostname_type": "ip-name"
              }
            ],
            "private_ip": "10.0.1.149",
            "public_dns": "ec2-44-200-60-4.compute-1.amazonaws.com",
            "public_ip": "44.200.60.4",
            "region": "us-east-1",
            "root_block_device": [
              {
                "delete_on_termination": true,
                "device_name": "/dev/xvda",
                "encrypted": false,
                "iops": 100,
                "kms_key_id": "",
                "tags": {},
                "tags_all": {},
                "throughput": 0,
                "volume_id": "vol-070dee83148ab2d14",
                "volume_size": 20,
                "volume_type": "gp2"
              }
            ],
            "secondary_private_ips": [],
            "security_groups": [],
            "source_dest_check": true,
            "spot_instance_request_id": "",
            "subnet_id": "subnet-0dec3d0fd10aa5a13",
            "tags": {
              "Name": "bastion"
            },
            "tags_all": {
              "Name": "bastion"
            },
            "tenancy": "default",
            "timeouts": null,
            "user_data": null,
            "user_data_base64": null,
            "user_data_replace_on_change": false,
            "volume_tags": null,
            "vpc_security_group_ids": [
              "sg-0df72203ea482e63d"
            ]
          },
          "sensitive_attributes": [],
          "private": "eyJlMmJmYjczMC1lY2FhLTExZTYtOGY4OC0zNDM2M2JjN2M0YzAiOnsiY3JlYXRlIjo2MDAwMDAwMDAwMDAsImRlbGV0ZSI6MTIwMDAwMDAwMDAwMCwicmVhZCI6OTAwMDAwMDAwMDAwLCJ1cGRhdGUiOjYwMDAwMDAwMDAwMH0sInNjaGVtYV92ZXJzaW9uIjoiMiJ9",
          "dependencies": [
            "aws_security_group.Bastionssh",
            "aws_subnet.Publicsubnet1",
            "aws_vpc.TerraformVPC"
          ]
        }
      ]
    },
    {
      "mode": "managed",
      "type": "aws_internet_gateway",
      "name": "gw",
      "provider": "provider[\"registry.terraform.io/hashicorp/aws\"]",
      "instances": [
        {
          "schema_version": 0,
          "attributes": {
            "arn": "arn:aws:ec2:us-east-1:043309356933:internet-gateway/igw-0729ba2db6558d35d",
            "id": "igw-0729ba2db6558d35d",
            "owner_id": "043309356933",
            "region": "us-east-1",
            "tags": {
              "Name": "InternetGW"
            },
            "tags_all": {
              "Name": "InternetGW"
            },
            "timeouts": null,
            "vpc_id": "vpc-08738e0dcb9858263"
          },
          "sensitive_attributes": [],
          "private": "eyJlMmJmYjczMC1lY2FhLTExZTYtOGY4OC0zNDM2M2JjN2M0YzAiOnsiY3JlYXRlIjoxMjAwMDAwMDAwMDAwLCJkZWxldGUiOjEyMDAwMDAwMDAwMDAsInVwZGF0ZSI6MTIwMDAwMDAwMDAwMH19",
          "dependencies": [
            "aws_vpc.TerraformVPC"
          ]
        }
      ]
    },
    {
      "mode": "managed",
      "type": "aws_lambda_function",
      "name": "quarantine",
      "provider": "provider[\"registry.terraform.io/hashicorp/aws\"]",
      "instances": [
        {
          "schema_version": 0,
          "attributes": {
            "architectures": [
              "x86_64"
            ],
            "arn": "arn:aws:lambda:us-east-1:043309356933:function:guardduty-remediation-process",
            "code_sha256": "TcAdUE+Q5XvLw8gevP5W6dClx4z7HJErnZXmxWuAsJE=",
            "code_signing_config_arn": "",
            "dead_letter_config": [],
            "description": "",
            "environment": [],
            "ephemeral_storage": [
              {
                "size": 512
              }
            ],
            "file_system_config": [],
            "filename": "lambdafunction.zip",
            "function_name": "guardduty-remediation-process",
            "handler": "lambdafucntion.lambda_handler",
            "id": "guardduty-remediation-process",
            "image_config": [],
            "image_uri": "",
            "invoke_arn": "arn:aws:apigateway:us-east-1:lambda:path/2015-03-31/functions/arn:aws:lambda:us-east-1:043309356933:function:guardduty-remediation-process/invocations",
            "kms_key_arn": "",
            "last_modified": "2025-11-12T18:31:22.137+0000",
            "layers": null,
            "logging_config": [
              {
                "application_log_level": "",
                "log_format": "Text",
                "log_group": "/aws/lambda/guardduty-remediation-process",
                "system_log_level": ""
              }
            ],
            "memory_size": 256,
            "package_type": "Zip",
            "publish": false,
            "qualified_arn": "arn:aws:lambda:us-east-1:043309356933:function:guardduty-remediation-process:$LATEST",
            "qualified_invoke_arn": "arn:aws:apigateway:us-east-1:lambda:path/2015-03-31/functions/arn:aws:lambda:us-east-1:043309356933:function:guardduty-remediation-process:$LATEST/invocations",
            "region": "us-east-1",
            "replace_security_groups_on_destroy": null,
            "replacement_security_group_ids": null,
            "reserved_concurrent_executions": -1,
            "role": "arn:aws:iam::043309356933:role/lambda_execution_role",
            "runtime": "python3.10",
            "s3_bucket": null,
            "s3_key": null,
            "s3_object_version": null,
            "signing_job_arn": "",
            "signing_profile_version_arn": "",
            "skip_destroy": false,
            "snap_start": [],
            "source_code_hash": "TcAdUE+Q5XvLw8gevP5W6dClx4z7HJErnZXmxWuAsJE=",
            "source_code_size": 2274,
            "source_kms_key_arn": "",
            "tags": null,
            "tags_all": {},
            "timeout": 300,
            "timeouts": null,
            "tracing_config": [
              {
                "mode": "PassThrough"
              }
            ],
            "version": "$LATEST",
            "vpc_config": []
          },
          "sensitive_attributes": [],
          "private": "eyJlMmJmYjczMC1lY2FhLTExZTYtOGY4OC0zNDM2M2JjN2M0YzAiOnsiY3JlYXRlIjo2MDAwMDAwMDAwMDAsImRlbGV0ZSI6NjAwMDAwMDAwMDAwLCJ1cGRhdGUiOjYwMDAwMDAwMDAwMH19",
          "dependencies": [
            "aws_iam_role.lambda_role",
            "data.aws_iam_policy_document.assume_role"
          ]
        }
      ]
    },
    {
      "mode": "managed",
      "type": "aws_lambda_permission",
      "name": "allow_eventbridge",
      "provider": "provider[\"registry.terraform.io/hashicorp/aws\"]",
      "instances": [
        {
          "schema_version": 0,
          "attributes": {
            "action": "lambda:InvokeFunction",
            "event_source_token": null,
            "function_name": "guardduty-remediation-process",
            "function_url_auth_type": null,
            "id": "AllowExecutionFromEventBridge",
            "principal": "events.amazonaws.com",
            "principal_org_id": null,
            "qualifier": "",
            "region": "us-east-1",
            "source_account": null,
            "source_arn": "arn:aws:events:us-east-1:043309356933:rule/guardduty-findings",
            "statement_id": "AllowExecutionFromEventBridge",
            "statement_id_prefix": ""
          },
          "sensitive_attributes": [],
          "private": "bnVsbA==",
          "dependencies": [
            "aws_cloudwatch_event_rule.guardduty_findings",
            "aws_iam_role.lambda_role",
            "aws_lambda_function.quarantine",
            "data.aws_iam_policy_document.assume_role"
          ]
        }
      ]
    },
    {
      "mode": "managed",
      "type": "aws_launch_template",
      "name": "Template",
      "provider": "provider[\"registry.terraform.io/hashicorp/aws\"]",
      "instances": [
        {
          "schema_version": 1,
          "attributes": {
            "arn": "arn:aws:ec2:us-east-1:043309356933:launch-template/lt-04764a7c76d92f84f",
            "block_device_mappings": [],
            "capacity_reservation_specification": [],
            "cpu_options": [],
            "credit_specification": [],
            "default_version": 1,
            "description": "",
            "disable_api_stop": false,
            "disable_api_termination": false,
            "ebs_optimized": "true",
            "enclave_options": [],
            "hibernation_options": [],
            "iam_instance_profile": [
              {
                "arn": "",
                "name": "SSMProfile"
              }
            ],
            "id": "lt-04764a7c76d92f84f",
            "image_id": "ami-0e6f2174f7905500d",
            "instance_initiated_shutdown_behavior": "terminate",
            "instance_market_options": [],
            "instance_requirements": [],
            "instance_type": "c7gn.xlarge",
            "kernel_id": "",
            "key_name": "TerraformKey",
            "latest_version": 1,
            "license_specification": [],
            "maintenance_options": [],
            "metadata_options": [],
            "monitoring": [],
            "name": "TerraformLT",
            "name_prefix": "",
            "network_interfaces": [],
            "placement": [],
            "private_dns_name_options": [],
            "ram_disk_id": "",
            "region": "us-east-1",
            "security_group_names": null,
            "tag_specifications": [
              {
                "resource_type": "instance",
                "tags": {
                  "Name": "TerraformInstance"
                }
              }
            ],
            "tags": null,
            "tags_all": {},
            "update_default_version": null,
            "user_data": "IyEvYmluL2Jhc2gNCg0KI0xvZ2dpbmcgRXJyb3IgYW5kIE91dHB1dCBpbnRvIGEgZmlsZSANCmV4ZWMgPiAvaG9tZS9lYzItdXNlci9teXNjcmlwdC5sb2cgMj4mMQ0KDQojSW5zdGFsbGluZyBORlMgVXRpbGl0aWVzIA0Kc3VkbyB5dW0gaW5zdGFsbCAteSBuZnMtdXRpbHMNCg0KI0luc3RhbGxpbmcgR2l0IA0Kc3VkbyB5dW0gaW5zdGFsbCBnaXQgLXkNCg0KI1NTTSBhZ2VudCB0byBwdXQgaW5zdGFuY2VzIGluIGZsZWV0DQpzdWRvIHN5c3RlbWN0bCBzdGFydCBhbWF6b24tc3NtLWFnZW50DQoNCiNNYWtpbmcgL3Zhci93d3cvaHRtbCBEaXJhY3RseS4gVGhpcyBpcyBkaXJlY3Rvcnkgd2hlcmUgd2Vic2VydmVyIGxvb2tzIGF0IGFuZCB0aGUgRUZTIGZpbGVzeXRlbSB3aWxsIGJlIG1vdW50ZWQgaW4gdGhpcyBkaXJlY3RvcnkgDQpzdWRvIG1rZGlyIC1wIC92YXIvd3d3L2h0bWwNCg0KI0NoYW5naW5nIGZpbGUgb3duZXJzaGlwDQpzdWRvIGNob3duIGVjMi11c2VyOmVjMi11c2VyIC92YXIvd3d3L2h0bWwNCg0KI1ByaW50aW5nIG91dCB0byBzdGFuZGFyZCBvdXRwdXQgd2hpbGUgcGlwaW5nIHRoZSBvdXRwdXQgdG8gaW50byB0ZWUgY29tbWFuZCB3aGljaCB3cml0ZXMgaW50byB0aGUgZmlsZSBhbmQgc3RhbmRhcmQgb3V0cHV0IA0KZWNobyAiZnMtMDc3YTRlMjIyOTlhODM0YWIuZWZzLnVzLWVhc3QtMS5hbWF6b25hd3MuY29tOi8gL3Zhci93d3cvaHRtbCBuZnM0IG5mc3ZlcnM9NC4xLHJzaXplPTEwNDg1NzYsd3NpemU9MTA0ODU3NixoYXJkLHRpbWVvPTYwMCxyZXRyYW5zPTIsbm9yZXN2cG9ydCxfbmV0ZGV2IDAgMCIgfCBzdWRvIHRlZSAtYSAvZXRjL2ZzdGFiDQoNCiNDaGVja2luZyBFeGl0IHN0YXR1cyBvZiBlY2hvIGNvbW1hbmQgDQppZiBbICQ/ID09IDAgXQ0KdGhlbg0KICAgIGVjaG8gIkVGUyBpbmZvIHdhcyB3cml0dGVuIGludG8gdGhlIC9ldGMvZnN0YWIiDQplbHNlDQogICAgZWNobyAiRUZTIGluZm8gd2FzIG5vdCB3cml0dGVuIGludG8gdGhlIC9ldGMvZnN0YWIiDQpmaQ0Kc2xlZXAgNjANCg0KI0F1dG9tYXRpY2FsbHkgbW91bnRpbmcgdGhlIEVmcyBldmVyeXRpbWUgc3lzdGVtIHJlYm9vdHMgDQpzdWRvIG1vdW50IC1hIA0KDQoNCiNUaGUgcmVhc29uIHRoZSAgYWJvdmUgY29tbWFuZHMgYXJlIGhhcnNoZWQgIG91dCBpcyBiZWNhdXNlIGkgY291bGRudCBmaW5kIGFtYXpvbiBsaW51eCAyIEFNSSBhbmQgbm93IGFtIHVzaW5nIEFtYXpvbiBsaW51eCAyMDIzIGFuZCB0aGUgdG8gaW5zdGFsbCBsYW1wIGlzIGRpZmZlcmVudCB3aGljaCB5b3UgY2FuIHNlZSBiZWxvdzoNCnN1ZG8gZG5mIHVwZGF0ZSAteQ0Kc3VkbyBkbmYgaW5zdGFsbCAteSBodHRwZA0Kc3VkbyBzeXN0ZW1jdGwgZW5hYmxlIC0tbm93IGh0dHBkDQpzdWRvIGRuZiBpbnN0YWxsIG1hcmlhZGIxMDUtc2VydmVyIC15DQpzdWRvIHN5c3RlbWN0bCBlbmFibGUgLS1ub3cgbWFyaWFkYg0Kc3VkbyBkbmYgaW5zdGFsbCAteSBwaHAgcGhwLW15c3FsbmQNCg0KIA0KIyNBZGQgZWMyLXVzZXIgdG8gQXBhY2hlIGdyb3VwIGFuZCBncmFudCBwZXJtaXNzaW9ucyB0byAvdmFyL3d3dw0Kc3VkbyB1c2VybW9kIC1hIC1HIGFwYWNoZSBlYzItdXNlcg0Kc3VkbyBjaG93biAtUiBlYzItdXNlcjphcGFjaGUgL3Zhci93d3cNCnN1ZG8gY2hvd24gLVIgZWMyLXVzZXI6ZWMyLXVzZXIgL2hvbWUvZWMyLXVzZXINCnN1ZG8gY2htb2QgNzU1IC9ob21lL2VjMi11c2VyDQpzdWRvIGNobW9kIDI3NzUgL3Zhci93d3cgJiYgZmluZCAvdmFyL3d3dyAtdHlwZSBkIC1leGVjIHN1ZG8gY2htb2QgMjc3NSB7fSBcOw0KZmluZCAvdmFyL3d3dyAtdHlwZSBmIC1leGVjIHN1ZG8gY2htb2QgMDY2NCB7fSBcOw0KY2QgL3Zhci93d3cvaHRtbA0KDQojQ2hlY2tpbmcgdG8gc2VlIGlmIHdwLWNvbmZpZy5waHAgZXhpc3QgYmVjYXVzZSB5b3UgZG9udCB3YW50IHRvIGR1cGxpY2F0ZSBpdCBhbmQgYWxzbyB5b3UgYXJlIG5vdCBzdXJlIG9mIHdoYXQgaXMgaW5zaWRlDQppZiBbIC1mIC92YXIvd3d3L2h0bWwvd3AtY29uZmlnLnBocCBdDQp0aGVuDQogICAgZWNobyAid3AtY29uZmlnLnBocCBhbHJlYWR5IGV4aXN0cyINCiAgICANCmVsc2UNCiAgICBlY2hvICJ3cC1jb25maWcucGhwIGRvZXMgbm90IGV4aXN0Ig0KICAgIGdpdCBjbG9uZSBodHRwczovL2dpdGh1Yi5jb20vc3RhY2tpdGdpdC9DbGlYWF9SZXRhaWxfUmVwb3NpdG9yeS5naXQNCmZpDQogICAgICAgIA0KI0NvcHlpbmcgYWxsIGNvbnRlbnQgb2YgdGhlIENsaXh4IHJlcG8gdG8gL3Zhci93d3cvaHRtbCB0byBiZWNhdXNlIHRoYXRoIHRoZSBmb2xkZXIgYXBhY2hlIGxvb29rcyB0byBsb2FkIHVwIHRoZSBhcHBsaWNhdGlvbiANCmNwIC1yIENsaVhYX1JldGFpbF9SZXBvc2l0b3J5LyogL3Zhci93d3cvaHRtbA0KDQojUmVtb3ZpbmcgdGhlIHdwLWNvbmZpZy5waHAgdGhhdCdzIGN1cnJlbnRseSBhdmFpbGFibGUgYmVjYXVzZSB5b3UgZG9udCBrbm93IHdoYXQgaXMgY3VycmVubHR5IGluIGl0IA0Kcm0gd3AtY29uZmlnLnBocA0KDQojTm93IHlvdSBhcmUgY29weWluZyB0aGUgc2FtcGxlIGludG8gYSBuZXcgd3AtY29uZmlnLnBocCBhbmQgd2Ugd2lsbCBzdGFydCBjaGFuZ2luZyB3aGF0IGlzIGluIGl0IA0KY3AgLXIgd3AtY29uZmlnLXNhbXBsZS5waHAgd3AtY29uZmlnLnBocA0KDQojVGhpcyBjb21tYW5kIGhlcmUgaXMgbmVlZGVkIGJlY2FzdWUgYXBhY2hlIHdhc250IGxvYWRpbmcgdGhlIGFwcGxpY2F0aW9uIGJ1dCBpdCB3YXMgbG9hZGluZyB0aGUgYXBhY2hlIHdlbGNvbWUgcGFnZSBzbyBJIG5lZWRlZCB0byB0ZWxsIGFwYWNoZSB0byBpZ25vcmUgdGhlIGFwYWNoZSB3ZWxjb21lIHBhZ2UgDQpzdWRvIG12IC9ldGMvaHR0cGQvY29uZi5kL3dlbGNvbWUuY29uZiAvZXRjL2h0dHBkL2NvbmYuZC93ZWxjb21lLmNvbmYuZGlzYWJsZWQNCg0KI1Jlc3RhcnRpbmcgYXBhY2hlIHRvIGdldCB1c2VkIHRvIHRoZSBuZXcgcnVsZSB3aGljaCBkb250IHNlcnZlIHlvdXIgd2VsY29tZSBwYWdlIA0Kc3VkbyBzeXN0ZW1jdGwgcmVzdGFydCBodHRwZA0KDQojIFJlbWVtYmVyIHdlIGNvcGllZCB0aGUgc2FtcGxlIGludG8gYSBuZXcgd3AtY29uZmlnIGZpbGUgc28gbm93IHdlIGFyZSBjaGFuZ2luZyB0aGUgY29udGVudCBvZiB0aGUgbmV3IHdwLWNvbmZpZyBmaWxlIHRvIGNvbnRlbnQgb3VyIGRhdGFiYXNlIGluZm9ybWF0aW9uDQpzdWRvIHNlZCAtaSAnMTUxcy9Ob25lL0FsbC8nIC9ldGMvaHR0cGQvY29uZi9odHRwZC5jb25mDQpzdWRvIHNlZCAtaSAicy9kYXRhYmFzZV9uYW1lX2hlcmUvd29yZHByZXNzZGIvIiAvdmFyL3d3dy9odG1sL3dwLWNvbmZpZy5waHANCnN1ZG8gc2VkIC1pICJzL3VzZXJuYW1lX2hlcmUvd29yZHByZXNzdXNlci8iIC92YXIvd3d3L2h0bWwvd3AtY29uZmlnLnBocA0Kc3VkbyBzZWQgLWkgInMvbG9jYWxob3N0L3dvcmRwcmVzc2RiY2xpeHgtZWNzLmN3bDBpcXc2cWdyci51cy1lYXN0LTEucmRzLmFtYXpvbmF3cy5jb20vIiAvdmFyL3d3dy9odG1sL3dwLWNvbmZpZy5waHANCnN1ZG8gc2VkIC1pICJzL3Bhc3N3b3JkX2hlcmUvVzNsY29tZTEyMy8iIC92YXIvd3d3L2h0bWwvd3AtY29uZmlnLnBocA0KI3N1ZG8gc2VkIC1pICJzL2RlZmluZSggJ1dQX0RFQlVHJywgZmFsc2UgKTsvZGVmaW5lKCAnV1BfREVCVUcnLCBmYWxzZSApOyBcbmlmIChpc3NldChcJF9TRVJWRVJbJ0hUVFBfWF9GT1JXQVJERURfUFJPVE8nXSkgXCZcJiBcJF9TRVJWRVJbJ0hUVFBfWF9GT1JXQVJERURfUFJPVE8nXSA9PT0gJ2h0dHBzJykge1wkX1NFUlZFUlsnSFRUUFMnXSA9ICdvbic7fS8iIC92YXIvd3d3L2h0bWwvd3AtY29uZmlnLnBocA0Kc3VkbyBzZWQgLWkgInMvRGlyZWN0b3J5SW5kZXggaW5kZXguaHRtbC9EaXJlY3RvcnlJbmRleCBpbmRleC5waHAgaW5kZXguaHRtbC8iIC9ldGMvaHR0cGQvY29uZi9odHRwZC5jb25mDQoNCiNKdXN0IGNoZWNraW5nIHRvIHNlZSB0aGUgZXhpc3Qgc3RhdHVzIG9mIHRoZSBsYXN0IGNvbW1hbmQgDQppZiBbICQ/ID09IDAgXQ0KdGhlbg0KICAgIGVjaG8gIlRoZSBsYXN0IHNlZCBjb21tYW5kIHdhcyBkb25lIg0KZWxzZQ0KICAgIGVjaG8gIlRoZSBsYXN0IHNlZCBjb21tYW5kIHdhcyBub3QgZG9uZSINCmZpDQoNCiNTbGVlcGluZyBmb3IgMzAwIHNlY29uZHMgYmVjYXVzZSBpIG5lZWQgdGhlIGRhdGFiYXNlIHRvIGJlIHJlYWR5IHNvIGkgY2FuIGxvZyBpbnRvIGl0IA0Kc2xlZXAgMzAwDQpvdXRwdXRfdmFyaWFibGU9IiQobXlzcWwgLXUgd29yZHByZXNzdXNlciAtcFczbGNvbWUxMjMgLWggd29yZHByZXNzZGJjbGl4eC1lY3MuY3dsMGlxdzZxZ3JyLnVzLWVhc3QtMS5yZHMuYW1hem9uYXdzLmNvbSAtRCB3b3JkcHJlc3NkYiAtc3NlICJTRUxFQ1Qgb3B0aW9uX3ZhbHVlIEZST00gd3Bfb3B0aW9ucyBXSEVSRSBvcHRpb25fdmFsdWUgTElLRSAnQ2xpWFgtQVBQLSUnOyIpIg0KZWNobyAiJHtvdXRwdXRfdmFyaWFibGV9Ig0KDQoNCmlmIFsgIiQkb3V0cHV0X3ZhcmlhYmxlIiA9PSAiJGxiX2RucyIgXTsgdGhlbg0KICAgIGVjaG8gIkROUyBBZGRyZXNzIGluIHRoZSB0YWJsZSINCmVsc2UNCiAgICBlY2hvICJETlMgQWRkcmVzcyBpcyBub3QgaW4gdGhlIHRhYmxlIg0KICAgIG15c3FsIC11IHdvcmRwcmVzc3VzZXIgLXBXM2xjb21lMTIzIC1oIHdvcmRwcmVzc2RiY2xpeHgtZWNzLmN3bDBpcXc2cWdyci51cy1lYXN0LTEucmRzLmFtYXpvbmF3cy5jb20gLUQgd29yZHByZXNzZGIgPDxFT0YNClVQREFURSB3cF9vcHRpb25zIFNFVCBvcHRpb25fdmFsdWUgPSJUZXJyYWZvcm1MQi0xMjc5MzE4MDUudXMtZWFzdC0xLmVsYi5hbWF6b25hd3MuY29tIiBXSEVSRSBvcHRpb25fdmFsdWUgTElLRSAiQ2xpWFgtQVBQLSUiOw0KRU9GDQpmaQ0KDQoNCg0KIyNHcmFudCBmaWxlIG93bmVyc2hpcCBvZiAvdmFyL3d3dyAmIGl0cyBjb250ZW50cyB0byBhcGFjaGUgdXNlcg0Kc3VkbyBjaG93biAtUiBhcGFjaGUgL3Zhci93d3cNCg0KIyNHcmFudCBncm91cCBvd25lcnNoaXAgb2YgL3Zhci93d3cgJiBjb250ZW50cyB0byBhcGFjaGUgZ3JvdXANCnN1ZG8gY2hncnAgLVIgYXBhY2hlIC92YXIvd3d3DQoNCiMjQ2hhbmdlIGRpcmVjdG9yeSBwZXJtaXNzaW9ucyBvZiAvdmFyL3d3dyAmIGl0cyBzdWJkaXIgdG8gYWRkIGdyb3VwIHdyaXRlIA0Kc3VkbyBjaG1vZCAyNzc1IC92YXIvd3d3DQpmaW5kIC92YXIvd3d3IC10eXBlIGQgLWV4ZWMgc3VkbyBjaG1vZCAyNzc1IHt9IFw7DQoNCiMjUmVjdXJzaXZlbHkgY2hhbmdlIGZpbGUgcGVybWlzc2lvbiBvZiAvdmFyL3d3dyAmIHN1YmRpciB0byBhZGQgZ3JvdXAgd3JpdGUgcGVybQ0Kc3VkbyBmaW5kIC92YXIvd3d3IC10eXBlIGYgLWV4ZWMgc3VkbyBjaG1vZCAwNjY0IHt9IFw7DQoNCiMjUmVzdGFydCBBcGFjaGUNCnN1ZG8gc3lzdGVtY3RsIHJlc3RhcnQgaHR0cGQNCnN1ZG8gc2VydmljZSBodHRwZCByZXN0YXJ0DQoNCiMjRW5hYmxlIGh0dHBkIA0Kc3VkbyBzeXN0ZW1jdGwgZW5hYmxlIGh0dHBkIA0Kc3VkbyAvc2Jpbi9zeXNjdGwgLXcgbmV0LmlwdjQudGNwX2tlZXBhbGl2ZV90aW1lPTIwMCBuZXQuaXB2NC50Y3Bfa2VlcGFsaXZlX2ludHZsPTIwMCBuZXQuaXB2NC50Y3Bfa2VlcGFsaXZlX3Byb2Jlcz01",
            "vpc_security_group_ids": [
              "sg-0e085f127c4e0e403"
            ]
          },
          "sensitive_attributes": [
            [
              {
                "type": "get_attr",
                "value": "user_data"
              }
            ]
          ],
          "private": "eyJzY2hlbWFfdmVyc2lvbiI6IjEifQ==",
          "dependencies": [
            "aws_efs_file_system.efsclixx",
            "aws_iam_instance_profile.SSMProfile",
            "aws_iam_role.SSMRole",
            "aws_lb.ClixxLB",
            "aws_security_group.Bastionssh",
            "aws_security_group.EC2",
            "aws_security_group.LB",
            "aws_subnet.Publicsubnet1",
            "aws_subnet.Publicsubnet2",
            "aws_vpc.TerraformVPC",
            "data.aws_ssm_parameter.dbendpoint",
            "data.aws_ssm_parameter.dbpassword",
            "data.aws_ssm_parameter.dbusername"
          ],
          "create_before_destroy": true
        }
      ]
    },
    {
      "mode": "managed",
      "type": "aws_lb",
      "name": "ClixxLB",
      "provider": "provider[\"registry.terraform.io/hashicorp/aws\"]",
      "instances": [
        {
          "schema_version": 0,
          "attributes": {
            "access_logs": [
              {
                "bucket": "",
                "enabled": false,
                "prefix": ""
              }
            ],
            "arn": "arn:aws:elasticloadbalancing:us-east-1:043309356933:loadbalancer/app/TerraformLB/2b177d43e35e76d6",
            "arn_suffix": "app/TerraformLB/2b177d43e35e76d6",
            "client_keep_alive": 3600,
            "connection_logs": [
              {
                "bucket": "",
                "enabled": false,
                "prefix": ""
              }
            ],
            "customer_owned_ipv4_pool": "",
            "desync_mitigation_mode": "defensive",
            "dns_name": "TerraformLB-127931805.us-east-1.elb.amazonaws.com",
            "dns_record_client_routing_policy": null,
            "drop_invalid_header_fields": false,
            "enable_cross_zone_load_balancing": true,
            "enable_deletion_protection": false,
            "enable_http2": true,
            "enable_tls_version_and_cipher_suite_headers": false,
            "enable_waf_fail_open": false,
            "enable_xff_client_port": false,
            "enable_zonal_shift": false,
            "enforce_security_group_inbound_rules_on_private_link_traffic": "",
            "id": "arn:aws:elasticloadbalancing:us-east-1:043309356933:loadbalancer/app/TerraformLB/2b177d43e35e76d6",
            "idle_timeout": 60,
            "internal": false,
            "ip_address_type": "ipv4",
            "ipam_pools": [],
            "load_balancer_type": "application",
            "minimum_load_balancer_capacity": [],
            "name": "TerraformLB",
            "name_prefix": "",
            "preserve_host_header": false,
            "region": "us-east-1",
            "secondary_ips_auto_assigned_per_subnet": null,
            "security_groups": [
              "sg-0bb0bb287eea6af54"
            ],
            "subnet_mapping": [
              {
                "allocation_id": "",
                "ipv6_address": "",
                "outpost_id": "",
                "private_ipv4_address": "",
                "subnet_id": "subnet-01c74627a1b9c3839"
              },
              {
                "allocation_id": "",
                "ipv6_address": "",
                "outpost_id": "",
                "private_ipv4_address": "",
                "subnet_id": "subnet-0dec3d0fd10aa5a13"
              }
            ],
            "subnets": [
              "subnet-01c74627a1b9c3839",
              "subnet-0dec3d0fd10aa5a13"
            ],
            "tags": {
              "Environment": "Test"
            },
            "tags_all": {
              "Environment": "Test"
            },
            "timeouts": null,
            "vpc_id": "vpc-08738e0dcb9858263",
            "xff_header_processing_mode": "append",
            "zone_id": "Z35SXDOTRQ7X7K"
          },
          "sensitive_attributes": [],
          "private": "eyJlMmJmYjczMC1lY2FhLTExZTYtOGY4OC0zNDM2M2JjN2M0YzAiOnsiY3JlYXRlIjo2MDAwMDAwMDAwMDAsImRlbGV0ZSI6NjAwMDAwMDAwMDAwLCJ1cGRhdGUiOjYwMDAwMDAwMDAwMH19",
          "dependencies": [
            "aws_security_group.LB",
            "aws_subnet.Publicsubnet1",
            "aws_subnet.Publicsubnet2",
            "aws_vpc.TerraformVPC"
          ],
          "create_before_destroy": true
        }
      ]
    },
    {
      "mode": "managed",
      "type": "aws_lb_listener",
      "name": "front_end",
      "provider": "provider[\"registry.terraform.io/hashicorp/aws\"]",
      "instances": [
        {
          "schema_version": 0,
          "attributes": {
            "alpn_policy": null,
            "arn": "arn:aws:elasticloadbalancing:us-east-1:043309356933:listener/app/TerraformLB/2b177d43e35e76d6/629f23b5f2ab79ed",
            "certificate_arn": null,
            "default_action": [
              {
                "authenticate_cognito": [],
                "authenticate_oidc": [],
                "fixed_response": [],
                "forward": [],
                "order": 1,
                "redirect": [],
                "target_group_arn": "arn:aws:elasticloadbalancing:us-east-1:043309356933:targetgroup/LoadBalancerTG/a48cafc19458e4a8",
                "type": "forward"
              }
            ],
            "id": "arn:aws:elasticloadbalancing:us-east-1:043309356933:listener/app/TerraformLB/2b177d43e35e76d6/629f23b5f2ab79ed",
            "load_balancer_arn": "arn:aws:elasticloadbalancing:us-east-1:043309356933:loadbalancer/app/TerraformLB/2b177d43e35e76d6",
            "mutual_authentication": [],
            "port": 80,
            "protocol": "HTTP",
            "region": "us-east-1",
            "routing_http_request_x_amzn_mtls_clientcert_header_name": null,
            "routing_http_request_x_amzn_mtls_clientcert_issuer_header_name": null,
            "routing_http_request_x_amzn_mtls_clientcert_leaf_header_name": null,
            "routing_http_request_x_amzn_mtls_clientcert_serial_number_header_name": null,
            "routing_http_request_x_amzn_mtls_clientcert_subject_header_name": null,
            "routing_http_request_x_amzn_mtls_clientcert_validity_header_name": null,
            "routing_http_request_x_amzn_tls_cipher_suite_header_name": null,
            "routing_http_request_x_amzn_tls_version_header_name": null,
            "routing_http_response_access_control_allow_credentials_header_value": "",
            "routing_http_response_access_control_allow_headers_header_value": "",
            "routing_http_response_access_control_allow_methods_header_value": "",
            "routing_http_response_access_control_allow_origin_header_value": "",
            "routing_http_response_access_control_expose_headers_header_value": "",
            "routing_http_response_access_control_max_age_header_value": "",
            "routing_http_response_content_security_policy_header_value": "",
            "routing_http_response_server_enabled": true,
            "routing_http_response_strict_transport_security_header_value": "",
            "routing_http_response_x_content_type_options_header_value": "",
            "routing_http_response_x_frame_options_header_value": "",
            "ssl_policy": "",
            "tags": null,
            "tags_all": {},
            "tcp_idle_timeout_seconds": null,
            "timeouts": null
          },
          "sensitive_attributes": [],
          "private": "eyJlMmJmYjczMC1lY2FhLTExZTYtOGY4OC0zNDM2M2JjN2M0YzAiOnsiY3JlYXRlIjozMDAwMDAwMDAwMDAsInVwZGF0ZSI6MzAwMDAwMDAwMDAwfX0=",
          "dependencies": [
            "aws_lb.ClixxLB",
            "aws_lb_target_group.TG",
            "aws_security_group.LB",
            "aws_subnet.Publicsubnet1",
            "aws_subnet.Publicsubnet2",
            "aws_vpc.TerraformVPC"
          ]
        }
      ]
    },
    {
      "mode": "managed",
      "type": "aws_lb_target_group",
      "name": "TG",
      "provider": "provider[\"registry.terraform.io/hashicorp/aws\"]",
      "instances": [
        {
          "schema_version": 0,
          "attributes": {
            "arn": "arn:aws:elasticloadbalancing:us-east-1:043309356933:targetgroup/LoadBalancerTG/a48cafc19458e4a8",
            "arn_suffix": "targetgroup/LoadBalancerTG/a48cafc19458e4a8",
            "connection_termination": null,
            "deregistration_delay": "300",
            "health_check": [
              {
                "enabled": true,
                "healthy_threshold": 2,
                "interval": 30,
                "matcher": "200-399",
                "path": "/index.php",
                "port": "traffic-port",
                "protocol": "HTTP",
                "timeout": 29,
                "unhealthy_threshold": 5
              }
            ],
            "id": "arn:aws:elasticloadbalancing:us-east-1:043309356933:targetgroup/LoadBalancerTG/a48cafc19458e4a8",
            "ip_address_type": "ipv4",
            "lambda_multi_value_headers_enabled": false,
            "load_balancer_arns": [],
            "load_balancing_algorithm_type": "round_robin",
            "load_balancing_anomaly_mitigation": "off",
            "load_balancing_cross_zone_enabled": "use_load_balancer_configuration",
            "name": "LoadBalancerTG",
            "name_prefix": "",
            "port": 80,
            "preserve_client_ip": null,
            "protocol": "HTTP",
            "protocol_version": "HTTP1",
            "proxy_protocol_v2": false,
            "region": "us-east-1",
            "slow_start": 0,
            "stickiness": [
              {
                "cookie_duration": 86400,
                "cookie_name": "",
                "enabled": false,
                "type": "lb_cookie"
              }
            ],
            "tags": null,
            "tags_all": {},
            "target_failover": [
              {
                "on_deregistration": null,
                "on_unhealthy": null
              }
            ],
            "target_group_health": [
              {
                "dns_failover": [
                  {
                    "minimum_healthy_targets_count": "1",
                    "minimum_healthy_targets_percentage": "off"
                  }
                ],
                "unhealthy_state_routing": [
                  {
                    "minimum_healthy_targets_count": 1,
                    "minimum_healthy_targets_percentage": "off"
                  }
                ]
              }
            ],
            "target_health_state": [
              {
                "enable_unhealthy_connection_termination": null,
                "unhealthy_draining_interval": null
              }
            ],
            "target_type": "instance",
            "vpc_id": "vpc-08738e0dcb9858263"
          },
          "sensitive_attributes": [],
          "private": "bnVsbA==",
          "dependencies": [
            "aws_vpc.TerraformVPC"
          ],
          "create_before_destroy": true
        }
      ]
    },
    {
      "mode": "managed",
      "type": "aws_nat_gateway",
      "name": "example",
      "provider": "provider[\"registry.terraform.io/hashicorp/aws\"]",
      "instances": [
        {
          "schema_version": 0,
          "attributes": {
            "allocation_id": "eipalloc-0127c0ca493712176",
            "association_id": "eipassoc-0b9c6bfa95ed5cf6d",
            "connectivity_type": "public",
            "id": "nat-012a195e9e7607eb3",
            "network_interface_id": "eni-04fa327afe4ca242c",
            "private_ip": "10.0.1.129",
            "public_ip": "100.25.38.21",
            "region": "us-east-1",
            "secondary_allocation_ids": [],
            "secondary_private_ip_address_count": 0,
            "secondary_private_ip_addresses": [],
            "subnet_id": "subnet-0dec3d0fd10aa5a13",
            "tags": {
              "Name": "NATGW"
            },
            "tags_all": {
              "Name": "NATGW"
            },
            "timeouts": null
          },
          "sensitive_attributes": [],
          "private": "eyJlMmJmYjczMC1lY2FhLTExZTYtOGY4OC0zNDM2M2JjN2M0YzAiOnsiY3JlYXRlIjo2MDAwMDAwMDAwMDAsImRlbGV0ZSI6MTgwMDAwMDAwMDAwMCwidXBkYXRlIjo2MDAwMDAwMDAwMDB9fQ==",
          "dependencies": [
            "aws_internet_gateway.gw",
            "aws_subnet.Publicsubnet1",
            "aws_vpc.TerraformVPC",
            "data.aws_eip.NATEIP1",
            "data.aws_subnet.selectedSubnet"
          ]
        }
      ]
    },
    {
      "mode": "managed",
      "type": "aws_route_table",
      "name": "PrivateRouteTable",
      "provider": "provider[\"registry.terraform.io/hashicorp/aws\"]",
      "instances": [
        {
          "schema_version": 0,
          "attributes": {
            "arn": "arn:aws:ec2:us-east-1:043309356933:route-table/rtb-09793271da7a9dba8",
            "id": "rtb-09793271da7a9dba8",
            "owner_id": "043309356933",
            "propagating_vgws": [],
            "region": "us-east-1",
            "route": [
              {
                "carrier_gateway_id": "",
                "cidr_block": "0.0.0.0/0",
                "core_network_arn": "",
                "destination_prefix_list_id": "",
                "egress_only_gateway_id": "",
                "gateway_id": "",
                "ipv6_cidr_block": "",
                "local_gateway_id": "",
                "nat_gateway_id": "nat-012a195e9e7607eb3",
                "network_interface_id": "",
                "transit_gateway_id": "",
                "vpc_endpoint_id": "",
                "vpc_peering_connection_id": ""
              }
            ],
            "tags": null,
            "tags_all": {},
            "timeouts": null,
            "vpc_id": "vpc-08738e0dcb9858263"
          },
          "sensitive_attributes": [],
          "private": "eyJlMmJmYjczMC1lY2FhLTExZTYtOGY4OC0zNDM2M2JjN2M0YzAiOnsiY3JlYXRlIjozMDAwMDAwMDAwMDAsImRlbGV0ZSI6MzAwMDAwMDAwMDAwLCJ1cGRhdGUiOjEyMDAwMDAwMDAwMH19",
          "dependencies": [
            "aws_internet_gateway.gw",
            "aws_nat_gateway.example",
            "aws_subnet.Publicsubnet1",
            "aws_vpc.TerraformVPC",
            "data.aws_eip.NATEIP1",
            "data.aws_subnet.selectedSubnet"
          ]
        }
      ]
    },
    {
      "mode": "managed",
      "type": "aws_route_table",
      "name": "PublicRouteTable",
      "provider": "provider[\"registry.terraform.io/hashicorp/aws\"]",
      "instances": [
        {
          "schema_version": 0,
          "attributes": {
            "arn": "arn:aws:ec2:us-east-1:043309356933:route-table/rtb-0fa83fc8139b9c4e5",
            "id": "rtb-0fa83fc8139b9c4e5",
            "owner_id": "043309356933",
            "propagating_vgws": [],
            "region": "us-east-1",
            "route": [
              {
                "carrier_gateway_id": "",
                "cidr_block": "0.0.0.0/0",
                "core_network_arn": "",
                "destination_prefix_list_id": "",
                "egress_only_gateway_id": "",
                "gateway_id": "igw-0729ba2db6558d35d",
                "ipv6_cidr_block": "",
                "local_gateway_id": "",
                "nat_gateway_id": "",
                "network_interface_id": "",
                "transit_gateway_id": "",
                "vpc_endpoint_id": "",
                "vpc_peering_connection_id": ""
              }
            ],
            "tags": null,
            "tags_all": {},
            "timeouts": null,
            "vpc_id": "vpc-08738e0dcb9858263"
          },
          "sensitive_attributes": [],
          "private": "eyJlMmJmYjczMC1lY2FhLTExZTYtOGY4OC0zNDM2M2JjN2M0YzAiOnsiY3JlYXRlIjozMDAwMDAwMDAwMDAsImRlbGV0ZSI6MzAwMDAwMDAwMDAwLCJ1cGRhdGUiOjEyMDAwMDAwMDAwMH19",
          "dependencies": [
            "aws_internet_gateway.gw",
            "aws_vpc.TerraformVPC"
          ]
        }
      ]
    },
    {
      "mode": "managed",
      "type": "aws_route_table_association",
      "name": "a",
      "provider": "provider[\"registry.terraform.io/hashicorp/aws\"]",
      "instances": [
        {
          "schema_version": 0,
          "attributes": {
            "gateway_id": "",
            "id": "rtbassoc-0f6c55587b425d7e2",
            "region": "us-east-1",
            "route_table_id": "rtb-0fa83fc8139b9c4e5",
            "subnet_id": "subnet-0dec3d0fd10aa5a13",
            "timeouts": null
          },
          "sensitive_attributes": [],
          "private": "eyJlMmJmYjczMC1lY2FhLTExZTYtOGY4OC0zNDM2M2JjN2M0YzAiOnsiY3JlYXRlIjozMDAwMDAwMDAwMDAsImRlbGV0ZSI6MzAwMDAwMDAwMDAwLCJ1cGRhdGUiOjEyMDAwMDAwMDAwMH19",
          "dependencies": [
            "aws_internet_gateway.gw",
            "aws_route_table.PublicRouteTable",
            "aws_subnet.Publicsubnet1",
            "aws_vpc.TerraformVPC",
            "data.aws_subnet.selectedSubnet"
          ]
        }
      ]
    },
    {
      "mode": "managed",
      "type": "aws_route_table_association",
      "name": "b",
      "provider": "provider[\"registry.terraform.io/hashicorp/aws\"]",
      "instances": [
        {
          "schema_version": 0,
          "attributes": {
            "gateway_id": "",
            "id": "rtbassoc-034ff4ea9938403e5",
            "region": "us-east-1",
            "route_table_id": "rtb-0fa83fc8139b9c4e5",
            "subnet_id": "subnet-01c74627a1b9c3839",
            "timeouts": null
          },
          "sensitive_attributes": [],
          "private": "eyJlMmJmYjczMC1lY2FhLTExZTYtOGY4OC0zNDM2M2JjN2M0YzAiOnsiY3JlYXRlIjozMDAwMDAwMDAwMDAsImRlbGV0ZSI6MzAwMDAwMDAwMDAwLCJ1cGRhdGUiOjEyMDAwMDAwMDAwMH19",
          "dependencies": [
            "aws_internet_gateway.gw",
            "aws_route_table.PublicRouteTable",
            "aws_subnet.Publicsubnet2",
            "aws_vpc.TerraformVPC",
            "data.aws_subnet.selectedSubnet2"
          ]
        }
      ]
    },
    {
      "mode": "managed",
      "type": "aws_route_table_association",
      "name": "c",
      "provider": "provider[\"registry.terraform.io/hashicorp/aws\"]",
      "instances": [
        {
          "schema_version": 0,
          "attributes": {
            "gateway_id": "",
            "id": "rtbassoc-037e0bbb4e697ab1f",
            "region": "us-east-1",
            "route_table_id": "rtb-09793271da7a9dba8",
            "subnet_id": "subnet-0d8fc15c27986c11b",
            "timeouts": null
          },
          "sensitive_attributes": [],
          "private": "eyJlMmJmYjczMC1lY2FhLTExZTYtOGY4OC0zNDM2M2JjN2M0YzAiOnsiY3JlYXRlIjozMDAwMDAwMDAwMDAsImRlbGV0ZSI6MzAwMDAwMDAwMDAwLCJ1cGRhdGUiOjEyMDAwMDAwMDAwMH19",
          "dependencies": [
            "aws_internet_gateway.gw",
            "aws_nat_gateway.example",
            "aws_route_table.PrivateRouteTable",
            "aws_subnet.Privateubnet1",
            "aws_subnet.Publicsubnet1",
            "aws_vpc.TerraformVPC",
            "data.aws_eip.NATEIP1",
            "data.aws_subnet.selectedSubnet",
            "data.aws_subnet.selectedSubnet3"
          ]
        }
      ]
    },
    {
      "mode": "managed",
      "type": "aws_route_table_association",
      "name": "d",
      "provider": "provider[\"registry.terraform.io/hashicorp/aws\"]",
      "instances": [
        {
          "schema_version": 0,
          "attributes": {
            "gateway_id": "",
            "id": "rtbassoc-0d92dd5ce6c9dba14",
            "region": "us-east-1",
            "route_table_id": "rtb-09793271da7a9dba8",
            "subnet_id": "subnet-0d2cba087af2d4f77",
            "timeouts": null
          },
          "sensitive_attributes": [],
          "private": "eyJlMmJmYjczMC1lY2FhLTExZTYtOGY4OC0zNDM2M2JjN2M0YzAiOnsiY3JlYXRlIjozMDAwMDAwMDAwMDAsImRlbGV0ZSI6MzAwMDAwMDAwMDAwLCJ1cGRhdGUiOjEyMDAwMDAwMDAwMH19",
          "dependencies": [
            "aws_internet_gateway.gw",
            "aws_nat_gateway.example",
            "aws_route_table.PrivateRouteTable",
            "aws_subnet.Privateubnet2",
            "aws_subnet.Publicsubnet1",
            "aws_vpc.TerraformVPC",
            "data.aws_eip.NATEIP1",
            "data.aws_subnet.selectedSubnet",
            "data.aws_subnet.selectedSubnet4"
          ]
        }
      ]
    },
    {
      "mode": "managed",
      "type": "aws_route_table_association",
      "name": "e",
      "provider": "provider[\"registry.terraform.io/hashicorp/aws\"]",
      "instances": [
        {
          "schema_version": 0,
          "attributes": {
            "gateway_id": "",
            "id": "rtbassoc-0e6a312c0f8fa05a2",
            "region": "us-east-1",
            "route_table_id": "rtb-09793271da7a9dba8",
            "subnet_id": "subnet-050546ca5e14bef27",
            "timeouts": null
          },
          "sensitive_attributes": [],
          "private": "eyJlMmJmYjczMC1lY2FhLTExZTYtOGY4OC0zNDM2M2JjN2M0YzAiOnsiY3JlYXRlIjozMDAwMDAwMDAwMDAsImRlbGV0ZSI6MzAwMDAwMDAwMDAwLCJ1cGRhdGUiOjEyMDAwMDAwMDAwMH19",
          "dependencies": [
            "aws_internet_gateway.gw",
            "aws_nat_gateway.example",
            "aws_route_table.PrivateRouteTable",
            "aws_subnet.Privateubnet3",
            "aws_subnet.Publicsubnet1",
            "aws_vpc.TerraformVPC",
            "data.aws_eip.NATEIP1",
            "data.aws_subnet.selectedSubnet",
            "data.aws_subnet.selectedSubnet5"
          ]
        }
      ]
    },
    {
      "mode": "managed",
      "type": "aws_route_table_association",
      "name": "f",
      "provider": "provider[\"registry.terraform.io/hashicorp/aws\"]",
      "instances": [
        {
          "schema_version": 0,
          "attributes": {
            "gateway_id": "",
            "id": "rtbassoc-0cda97c9f6d36bd70",
            "region": "us-east-1",
            "route_table_id": "rtb-09793271da7a9dba8",
            "subnet_id": "subnet-0cf7cc65ae4039b5e",
            "timeouts": null
          },
          "sensitive_attributes": [],
          "private": "eyJlMmJmYjczMC1lY2FhLTExZTYtOGY4OC0zNDM2M2JjN2M0YzAiOnsiY3JlYXRlIjozMDAwMDAwMDAwMDAsImRlbGV0ZSI6MzAwMDAwMDAwMDAwLCJ1cGRhdGUiOjEyMDAwMDAwMDAwMH19",
          "dependencies": [
            "aws_internet_gateway.gw",
            "aws_nat_gateway.example",
            "aws_route_table.PrivateRouteTable",
            "aws_subnet.Privateubnet4",
            "aws_subnet.Publicsubnet1",
            "aws_vpc.TerraformVPC",
            "data.aws_eip.NATEIP1",
            "data.aws_subnet.selectedSubnet",
            "data.aws_subnet.selectedSubnet6"
          ]
        }
      ]
    },
    {
      "mode": "managed",
      "type": "aws_security_group",
      "name": "Bastionssh",
      "provider": "provider[\"registry.terraform.io/hashicorp/aws\"]",
      "instances": [
        {
          "schema_version": 1,
          "attributes": {
            "arn": "arn:aws:ec2:us-east-1:043309356933:security-group/sg-0df72203ea482e63d",
            "description": "Managed by Terraform",
            "egress": [
              {
                "cidr_blocks": [
                  "0.0.0.0/0"
                ],
                "description": "",
                "from_port": 0,
                "ipv6_cidr_blocks": [],
                "prefix_list_ids": [],
                "protocol": "-1",
                "security_groups": [],
                "self": false,
                "to_port": 0
              }
            ],
            "id": "sg-0df72203ea482e63d",
            "ingress": [
              {
                "cidr_blocks": [
                  "0.0.0.0/0"
                ],
                "description": "",
                "from_port": 22,
                "ipv6_cidr_blocks": [],
                "prefix_list_ids": [],
                "protocol": "tcp",
                "security_groups": [],
                "self": false,
                "to_port": 22
              }
            ],
            "name": "Bastionsg",
            "name_prefix": "",
            "owner_id": "043309356933",
            "region": "us-east-1",
            "revoke_rules_on_delete": false,
            "tags": null,
            "tags_all": {},
            "timeouts": null,
            "vpc_id": "vpc-08738e0dcb9858263"
          },
          "sensitive_attributes": [],
          "private": "eyJlMmJmYjczMC1lY2FhLTExZTYtOGY4OC0zNDM2M2JjN2M0YzAiOnsiY3JlYXRlIjo2MDAwMDAwMDAwMDAsImRlbGV0ZSI6OTAwMDAwMDAwMDAwfSwic2NoZW1hX3ZlcnNpb24iOiIxIn0=",
          "dependencies": [
            "aws_vpc.TerraformVPC"
          ],
          "create_before_destroy": true
        }
      ]
    },
    {
      "mode": "managed",
      "type": "aws_security_group",
      "name": "EC2",
      "provider": "provider[\"registry.terraform.io/hashicorp/aws\"]",
      "instances": [
        {
          "schema_version": 1,
          "attributes": {
            "arn": "arn:aws:ec2:us-east-1:043309356933:security-group/sg-0e085f127c4e0e403",
            "description": "Managed by Terraform",
            "egress": [
              {
                "cidr_blocks": [
                  "0.0.0.0/0"
                ],
                "description": "",
                "from_port": 0,
                "ipv6_cidr_blocks": [],
                "prefix_list_ids": [],
                "protocol": "-1",
                "security_groups": [],
                "self": false,
                "to_port": 0
              }
            ],
            "id": "sg-0e085f127c4e0e403",
            "ingress": [
              {
                "cidr_blocks": [],
                "description": "",
                "from_port": 22,
                "ipv6_cidr_blocks": [],
                "prefix_list_ids": [],
                "protocol": "tcp",
                "security_groups": [
                  "sg-0df72203ea482e63d"
                ],
                "self": false,
                "to_port": 22
              },
              {
                "cidr_blocks": [],
                "description": "",
                "from_port": 80,
                "ipv6_cidr_blocks": [],
                "prefix_list_ids": [],
                "protocol": "tcp",
                "security_groups": [
                  "sg-0bb0bb287eea6af54"
                ],
                "self": false,
                "to_port": 80
              }
            ],
            "name": "EC2SG",
            "name_prefix": "",
            "owner_id": "043309356933",
            "region": "us-east-1",
            "revoke_rules_on_delete": false,
            "tags": null,
            "tags_all": {},
            "timeouts": null,
            "vpc_id": "vpc-08738e0dcb9858263"
          },
          "sensitive_attributes": [],
          "private": "eyJlMmJmYjczMC1lY2FhLTExZTYtOGY4OC0zNDM2M2JjN2M0YzAiOnsiY3JlYXRlIjo2MDAwMDAwMDAwMDAsImRlbGV0ZSI6OTAwMDAwMDAwMDAwfSwic2NoZW1hX3ZlcnNpb24iOiIxIn0=",
          "dependencies": [
            "aws_security_group.Bastionssh",
            "aws_security_group.LB",
            "aws_vpc.TerraformVPC"
          ],
          "create_before_destroy": true
        }
      ]
    },
    {
      "mode": "managed",
      "type": "aws_security_group",
      "name": "EFSIngress",
      "provider": "provider[\"registry.terraform.io/hashicorp/aws\"]",
      "instances": [
        {
          "schema_version": 1,
          "attributes": {
            "arn": "arn:aws:ec2:us-east-1:043309356933:security-group/sg-0d1c1926a3d1a424c",
            "description": "Managed by Terraform",
            "egress": [
              {
                "cidr_blocks": [
                  "0.0.0.0/0"
                ],
                "description": "",
                "from_port": 0,
                "ipv6_cidr_blocks": [],
                "prefix_list_ids": [],
                "protocol": "-1",
                "security_groups": [],
                "self": false,
                "to_port": 0
              }
            ],
            "id": "sg-0d1c1926a3d1a424c",
            "ingress": [
              {
                "cidr_blocks": [],
                "description": "",
                "from_port": 2049,
                "ipv6_cidr_blocks": [],
                "prefix_list_ids": [],
                "protocol": "tcp",
                "security_groups": [
                  "sg-0e085f127c4e0e403"
                ],
                "self": false,
                "to_port": 2049
              }
            ],
            "name": "EFSSG",
            "name_prefix": "",
            "owner_id": "043309356933",
            "region": "us-east-1",
            "revoke_rules_on_delete": false,
            "tags": null,
            "tags_all": {},
            "timeouts": null,
            "vpc_id": "vpc-08738e0dcb9858263"
          },
          "sensitive_attributes": [],
          "private": "eyJlMmJmYjczMC1lY2FhLTExZTYtOGY4OC0zNDM2M2JjN2M0YzAiOnsiY3JlYXRlIjo2MDAwMDAwMDAwMDAsImRlbGV0ZSI6OTAwMDAwMDAwMDAwfSwic2NoZW1hX3ZlcnNpb24iOiIxIn0=",
          "dependencies": [
            "aws_security_group.Bastionssh",
            "aws_security_group.EC2",
            "aws_security_group.LB",
            "aws_vpc.TerraformVPC"
          ]
        }
      ]
    },
    {
      "mode": "managed",
      "type": "aws_security_group",
      "name": "LB",
      "provider": "provider[\"registry.terraform.io/hashicorp/aws\"]",
      "instances": [
        {
          "schema_version": 1,
          "attributes": {
            "arn": "arn:aws:ec2:us-east-1:043309356933:security-group/sg-0bb0bb287eea6af54",
            "description": "Managed by Terraform",
            "egress": [
              {
                "cidr_blocks": [
                  "0.0.0.0/0"
                ],
                "description": "",
                "from_port": 0,
                "ipv6_cidr_blocks": [],
                "prefix_list_ids": [],
                "protocol": "-1",
                "security_groups": [],
                "self": false,
                "to_port": 0
              }
            ],
            "id": "sg-0bb0bb287eea6af54",
            "ingress": [
              {
                "cidr_blocks": [
                  "0.0.0.0/0"
                ],
                "description": "",
                "from_port": 80,
                "ipv6_cidr_blocks": [],
                "prefix_list_ids": [],
                "protocol": "tcp",
                "security_groups": [],
                "self": false,
                "to_port": 80
              }
            ],
            "name": "LBSG",
            "name_prefix": "",
            "owner_id": "043309356933",
            "region": "us-east-1",
            "revoke_rules_on_delete": false,
            "tags": null,
            "tags_all": {},
            "timeouts": null,
            "vpc_id": "vpc-08738e0dcb9858263"
          },
          "sensitive_attributes": [],
          "private": "eyJlMmJmYjczMC1lY2FhLTExZTYtOGY4OC0zNDM2M2JjN2M0YzAiOnsiY3JlYXRlIjo2MDAwMDAwMDAwMDAsImRlbGV0ZSI6OTAwMDAwMDAwMDAwfSwic2NoZW1hX3ZlcnNpb24iOiIxIn0=",
          "dependencies": [
            "aws_vpc.TerraformVPC"
          ],
          "create_before_destroy": true
        }
      ]
    },
    {
      "mode": "managed",
      "type": "aws_security_group",
      "name": "RDSIngress",
      "provider": "provider[\"registry.terraform.io/hashicorp/aws\"]",
      "instances": [
        {
          "schema_version": 1,
          "attributes": {
            "arn": "arn:aws:ec2:us-east-1:043309356933:security-group/sg-0367f8c710766f280",
            "description": "Managed by Terraform",
            "egress": [
              {
                "cidr_blocks": [
                  "0.0.0.0/0"
                ],
                "description": "",
                "from_port": 0,
                "ipv6_cidr_blocks": [],
                "prefix_list_ids": [],
                "protocol": "-1",
                "security_groups": [],
                "self": false,
                "to_port": 0
              }
            ],
            "id": "sg-0367f8c710766f280",
            "ingress": [
              {
                "cidr_blocks": [],
                "description": "",
                "from_port": 3306,
                "ipv6_cidr_blocks": [],
                "prefix_list_ids": [],
                "protocol": "tcp",
                "security_groups": [
                  "sg-0e085f127c4e0e403"
                ],
                "self": false,
                "to_port": 3306
              }
            ],
            "name": "RDSSG",
            "name_prefix": "",
            "owner_id": "043309356933",
            "region": "us-east-1",
            "revoke_rules_on_delete": false,
            "tags": null,
            "tags_all": {},
            "timeouts": null,
            "vpc_id": "vpc-08738e0dcb9858263"
          },
          "sensitive_attributes": [],
          "private": "eyJlMmJmYjczMC1lY2FhLTExZTYtOGY4OC0zNDM2M2JjN2M0YzAiOnsiY3JlYXRlIjo2MDAwMDAwMDAwMDAsImRlbGV0ZSI6OTAwMDAwMDAwMDAwfSwic2NoZW1hX3ZlcnNpb24iOiIxIn0=",
          "dependencies": [
            "aws_security_group.Bastionssh",
            "aws_security_group.EC2",
            "aws_security_group.LB",
            "aws_vpc.TerraformVPC"
          ]
        }
      ]
    },
    {
      "mode": "managed",
      "type": "aws_sns_topic",
      "name": "cpualarm",
      "provider": "provider[\"registry.terraform.io/hashicorp/aws\"]",
      "instances": [
        {
          "schema_version": 0,
          "attributes": {
            "application_failure_feedback_role_arn": "",
            "application_success_feedback_role_arn": "",
            "application_success_feedback_sample_rate": 0,
            "archive_policy": "",
            "arn": "arn:aws:sns:us-east-1:043309356933:CPU_UTILIZATION_GREATER_THAN_THRESHOLD",
            "beginning_archive_time": "",
            "content_based_deduplication": false,
            "delivery_policy": "",
            "display_name": "",
            "fifo_throughput_scope": "",
            "fifo_topic": false,
            "firehose_failure_feedback_role_arn": "",
            "firehose_success_feedback_role_arn": "",
            "firehose_success_feedback_sample_rate": 0,
            "http_failure_feedback_role_arn": "",
            "http_success_feedback_role_arn": "",
            "http_success_feedback_sample_rate": 0,
            "id": "arn:aws:sns:us-east-1:043309356933:CPU_UTILIZATION_GREATER_THAN_THRESHOLD",
            "kms_master_key_id": "",
            "lambda_failure_feedback_role_arn": "",
            "lambda_success_feedback_role_arn": "",
            "lambda_success_feedback_sample_rate": 0,
            "name": "CPU_UTILIZATION_GREATER_THAN_THRESHOLD",
            "name_prefix": "",
            "owner": "043309356933",
            "policy": "{\"Id\":\"__default_policy_ID\",\"Statement\":[{\"Action\":[\"SNS:GetTopicAttributes\",\"SNS:SetTopicAttributes\",\"SNS:AddPermission\",\"SNS:RemovePermission\",\"SNS:DeleteTopic\",\"SNS:Subscribe\",\"SNS:ListSubscriptionsByTopic\",\"SNS:Publish\"],\"Condition\":{\"StringEquals\":{\"AWS:SourceOwner\":\"043309356933\"}},\"Effect\":\"Allow\",\"Principal\":{\"AWS\":\"*\"},\"Resource\":\"arn:aws:sns:us-east-1:043309356933:CPU_UTILIZATION_GREATER_THAN_THRESHOLD\",\"Sid\":\"__default_statement_ID\"}],\"Version\":\"2008-10-17\"}",
            "region": "us-east-1",
            "signature_version": 0,
            "sqs_failure_feedback_role_arn": "",
            "sqs_success_feedback_role_arn": "",
            "sqs_success_feedback_sample_rate": 0,
            "tags": null,
            "tags_all": {},
            "tracing_config": ""
          },
          "sensitive_attributes": [],
          "private": "bnVsbA=="
        }
      ]
    },
    {
      "mode": "managed",
      "type": "aws_sns_topic",
      "name": "cpualarm1",
      "provider": "provider[\"registry.terraform.io/hashicorp/aws\"]",
      "instances": [
        {
          "schema_version": 0,
          "attributes": {
            "application_failure_feedback_role_arn": "",
            "application_success_feedback_role_arn": "",
            "application_success_feedback_sample_rate": 0,
            "archive_policy": "",
            "arn": "arn:aws:sns:us-east-1:043309356933:CPU_UTILIZATION_GREATER_THAN_THRESHOLD_RDSDATABASE",
            "beginning_archive_time": "",
            "content_based_deduplication": false,
            "delivery_policy": "",
            "display_name": "",
            "fifo_throughput_scope": "",
            "fifo_topic": false,
            "firehose_failure_feedback_role_arn": "",
            "firehose_success_feedback_role_arn": "",
            "firehose_success_feedback_sample_rate": 0,
            "http_failure_feedback_role_arn": "",
            "http_success_feedback_role_arn": "",
            "http_success_feedback_sample_rate": 0,
            "id": "arn:aws:sns:us-east-1:043309356933:CPU_UTILIZATION_GREATER_THAN_THRESHOLD_RDSDATABASE",
            "kms_master_key_id": "",
            "lambda_failure_feedback_role_arn": "",
            "lambda_success_feedback_role_arn": "",
            "lambda_success_feedback_sample_rate": 0,
            "name": "CPU_UTILIZATION_GREATER_THAN_THRESHOLD_RDSDATABASE",
            "name_prefix": "",
            "owner": "043309356933",
            "policy": "{\"Id\":\"__default_policy_ID\",\"Statement\":[{\"Action\":[\"SNS:GetTopicAttributes\",\"SNS:SetTopicAttributes\",\"SNS:AddPermission\",\"SNS:RemovePermission\",\"SNS:DeleteTopic\",\"SNS:Subscribe\",\"SNS:ListSubscriptionsByTopic\",\"SNS:Publish\"],\"Condition\":{\"StringEquals\":{\"AWS:SourceOwner\":\"043309356933\"}},\"Effect\":\"Allow\",\"Principal\":{\"AWS\":\"*\"},\"Resource\":\"arn:aws:sns:us-east-1:043309356933:CPU_UTILIZATION_GREATER_THAN_THRESHOLD_RDSDATABASE\",\"Sid\":\"__default_statement_ID\"}],\"Version\":\"2008-10-17\"}",
            "region": "us-east-1",
            "signature_version": 0,
            "sqs_failure_feedback_role_arn": "",
            "sqs_success_feedback_role_arn": "",
            "sqs_success_feedback_sample_rate": 0,
            "tags": null,
            "tags_all": {},
            "tracing_config": ""
          },
          "sensitive_attributes": [],
          "private": "bnVsbA=="
        }
      ]
    },
    {
      "mode": "managed",
      "type": "aws_sns_topic",
      "name": "example",
      "provider": "provider[\"registry.terraform.io/hashicorp/aws\"]",
      "instances": [
        {
          "schema_version": 0,
          "attributes": {
            "application_failure_feedback_role_arn": "",
            "application_success_feedback_role_arn": "",
            "application_success_feedback_sample_rate": 0,
            "archive_policy": "",
            "arn": "arn:aws:sns:us-east-1:043309356933:AutoscalingGroupInAction",
            "beginning_archive_time": "",
            "content_based_deduplication": false,
            "delivery_policy": "",
            "display_name": "",
            "fifo_throughput_scope": "",
            "fifo_topic": false,
            "firehose_failure_feedback_role_arn": "",
            "firehose_success_feedback_role_arn": "",
            "firehose_success_feedback_sample_rate": 0,
            "http_failure_feedback_role_arn": "",
            "http_success_feedback_role_arn": "",
            "http_success_feedback_sample_rate": 0,
            "id": "arn:aws:sns:us-east-1:043309356933:AutoscalingGroupInAction",
            "kms_master_key_id": "",
            "lambda_failure_feedback_role_arn": "",
            "lambda_success_feedback_role_arn": "",
            "lambda_success_feedback_sample_rate": 0,
            "name": "AutoscalingGroupInAction",
            "name_prefix": "",
            "owner": "043309356933",
            "policy": "{\"Id\":\"__default_policy_ID\",\"Statement\":[{\"Action\":[\"SNS:GetTopicAttributes\",\"SNS:SetTopicAttributes\",\"SNS:AddPermission\",\"SNS:RemovePermission\",\"SNS:DeleteTopic\",\"SNS:Subscribe\",\"SNS:ListSubscriptionsByTopic\",\"SNS:Publish\"],\"Condition\":{\"StringEquals\":{\"AWS:SourceOwner\":\"043309356933\"}},\"Effect\":\"Allow\",\"Principal\":{\"AWS\":\"*\"},\"Resource\":\"arn:aws:sns:us-east-1:043309356933:AutoscalingGroupInAction\",\"Sid\":\"__default_statement_ID\"}],\"Version\":\"2008-10-17\"}",
            "region": "us-east-1",
            "signature_version": 0,
            "sqs_failure_feedback_role_arn": "",
            "sqs_success_feedback_role_arn": "",
            "sqs_success_feedback_sample_rate": 0,
            "tags": null,
            "tags_all": {},
            "tracing_config": ""
          },
          "sensitive_attributes": [],
          "private": "bnVsbA=="
        }
      ]
    },
    {
      "mode": "managed",
      "type": "aws_sns_topic",
      "name": "guardduty_alerts",
      "provider": "provider[\"registry.terraform.io/hashicorp/aws\"]",
      "instances": [
        {
          "schema_version": 0,
          "attributes": {
            "application_failure_feedback_role_arn": "",
            "application_success_feedback_role_arn": "",
            "application_success_feedback_sample_rate": 0,
            "archive_policy": "",
            "arn": "arn:aws:sns:us-east-1:043309356933:guardduty-alerts",
            "beginning_archive_time": "",
            "content_based_deduplication": false,
            "delivery_policy": "",
            "display_name": "",
            "fifo_throughput_scope": "",
            "fifo_topic": false,
            "firehose_failure_feedback_role_arn": "",
            "firehose_success_feedback_role_arn": "",
            "firehose_success_feedback_sample_rate": 0,
            "http_failure_feedback_role_arn": "",
            "http_success_feedback_role_arn": "",
            "http_success_feedback_sample_rate": 0,
            "id": "arn:aws:sns:us-east-1:043309356933:guardduty-alerts",
            "kms_master_key_id": "",
            "lambda_failure_feedback_role_arn": "",
            "lambda_success_feedback_role_arn": "",
            "lambda_success_feedback_sample_rate": 0,
            "name": "guardduty-alerts",
            "name_prefix": "",
            "owner": "043309356933",
            "policy": "{\"Id\":\"__default_policy_ID\",\"Statement\":[{\"Action\":[\"SNS:GetTopicAttributes\",\"SNS:SetTopicAttributes\",\"SNS:AddPermission\",\"SNS:RemovePermission\",\"SNS:DeleteTopic\",\"SNS:Subscribe\",\"SNS:ListSubscriptionsByTopic\",\"SNS:Publish\"],\"Condition\":{\"StringEquals\":{\"AWS:SourceOwner\":\"043309356933\"}},\"Effect\":\"Allow\",\"Principal\":{\"AWS\":\"*\"},\"Resource\":\"arn:aws:sns:us-east-1:043309356933:guardduty-alerts\",\"Sid\":\"__default_statement_ID\"}],\"Version\":\"2008-10-17\"}",
            "region": "us-east-1",
            "signature_version": 0,
            "sqs_failure_feedback_role_arn": "",
            "sqs_success_feedback_role_arn": "",
            "sqs_success_feedback_sample_rate": 0,
            "tags": null,
            "tags_all": {},
            "tracing_config": ""
          },
          "sensitive_attributes": [],
          "private": "bnVsbA=="
        }
      ]
    },
    {
      "mode": "managed",
      "type": "aws_sns_topic_policy",
      "name": "guardduty_sns_policy",
      "provider": "provider[\"registry.terraform.io/hashicorp/aws\"]",
      "instances": [
        {
          "schema_version": 0,
          "attributes": {
            "arn": "arn:aws:sns:us-east-1:043309356933:guardduty-alerts",
            "id": "arn:aws:sns:us-east-1:043309356933:guardduty-alerts",
            "owner": "043309356933",
            "policy": "{\"Statement\":[{\"Action\":\"sns:Publish\",\"Effect\":\"Allow\",\"Principal\":{\"Service\":\"events.amazonaws.com\"},\"Resource\":\"arn:aws:sns:us-east-1:043309356933:guardduty-alerts\"}],\"Version\":\"2012-10-17\"}",
            "region": "us-east-1"
          },
          "sensitive_attributes": [],
          "private": "bnVsbA==",
          "dependencies": [
            "aws_sns_topic.guardduty_alerts"
          ]
        }
      ]
    },
    {
      "mode": "managed",
      "type": "aws_sns_topic_subscription",
      "name": "subscription",
      "provider": "provider[\"registry.terraform.io/hashicorp/aws\"]",
      "instances": [
        {
          "schema_version": 0,
          "attributes": {
            "arn": "arn:aws:sns:us-east-1:043309356933:AutoscalingGroupInAction:e0b0034c-1d48-4dce-8523-265b895e50ab",
            "confirmation_timeout_in_minutes": 1,
            "confirmation_was_authenticated": false,
            "delivery_policy": "",
            "endpoint": "azeezsolola@gmail.com",
            "endpoint_auto_confirms": false,
            "filter_policy": "",
            "filter_policy_scope": "",
            "id": "arn:aws:sns:us-east-1:043309356933:AutoscalingGroupInAction:e0b0034c-1d48-4dce-8523-265b895e50ab",
            "owner_id": "043309356933",
            "pending_confirmation": true,
            "protocol": "email",
            "raw_message_delivery": false,
            "redrive_policy": "",
            "region": "us-east-1",
            "replay_policy": "",
            "subscription_role_arn": "",
            "topic_arn": "arn:aws:sns:us-east-1:043309356933:AutoscalingGroupInAction"
          },
          "sensitive_attributes": [],
          "private": "bnVsbA==",
          "dependencies": [
            "aws_sns_topic.example"
          ]
        }
      ]
    },
    {
      "mode": "managed",
      "type": "aws_sns_topic_subscription",
      "name": "subscription2",
      "provider": "provider[\"registry.terraform.io/hashicorp/aws\"]",
      "instances": [
        {
          "schema_version": 0,
          "attributes": {
            "arn": "arn:aws:sns:us-east-1:043309356933:AutoscalingGroupInAction:5c259966-ae80-4f9c-aa40-6052e05476bb",
            "confirmation_timeout_in_minutes": 1,
            "confirmation_was_authenticated": false,
            "delivery_policy": "",
            "endpoint": "michael.ojejinmi@stackitsolutions.com",
            "endpoint_auto_confirms": false,
            "filter_policy": "",
            "filter_policy_scope": "",
            "id": "arn:aws:sns:us-east-1:043309356933:AutoscalingGroupInAction:5c259966-ae80-4f9c-aa40-6052e05476bb",
            "owner_id": "043309356933",
            "pending_confirmation": true,
            "protocol": "email",
            "raw_message_delivery": false,
            "redrive_policy": "",
            "region": "us-east-1",
            "replay_policy": "",
            "subscription_role_arn": "",
            "topic_arn": "arn:aws:sns:us-east-1:043309356933:AutoscalingGroupInAction"
          },
          "sensitive_attributes": [],
          "private": "bnVsbA==",
          "dependencies": [
            "aws_sns_topic.example"
          ]
        }
      ]
    },
    {
      "mode": "managed",
      "type": "aws_sns_topic_subscription",
      "name": "subscription3",
      "provider": "provider[\"registry.terraform.io/hashicorp/aws\"]",
      "instances": [
        {
          "schema_version": 0,
          "attributes": {
            "arn": "arn:aws:sns:us-east-1:043309356933:CPU_UTILIZATION_GREATER_THAN_THRESHOLD:af91724c-87c1-4024-8e14-02a7875fc007",
            "confirmation_timeout_in_minutes": 1,
            "confirmation_was_authenticated": false,
            "delivery_policy": "",
            "endpoint": "azeezsolola@gmail.com",
            "endpoint_auto_confirms": false,
            "filter_policy": "",
            "filter_policy_scope": "",
            "id": "arn:aws:sns:us-east-1:043309356933:CPU_UTILIZATION_GREATER_THAN_THRESHOLD:af91724c-87c1-4024-8e14-02a7875fc007",
            "owner_id": "043309356933",
            "pending_confirmation": true,
            "protocol": "email",
            "raw_message_delivery": false,
            "redrive_policy": "",
            "region": "us-east-1",
            "replay_policy": "",
            "subscription_role_arn": "",
            "topic_arn": "arn:aws:sns:us-east-1:043309356933:CPU_UTILIZATION_GREATER_THAN_THRESHOLD"
          },
          "sensitive_attributes": [],
          "private": "bnVsbA==",
          "dependencies": [
            "aws_sns_topic.cpualarm"
          ]
        }
      ]
    },
    {
      "mode": "managed",
      "type": "aws_sns_topic_subscription",
      "name": "subscription4",
      "provider": "provider[\"registry.terraform.io/hashicorp/aws\"]",
      "instances": [
        {
          "schema_version": 0,
          "attributes": {
            "arn": "arn:aws:sns:us-east-1:043309356933:CPU_UTILIZATION_GREATER_THAN_THRESHOLD:8d06202e-1b95-447d-8d0e-1b4e4b7673a4",
            "confirmation_timeout_in_minutes": 1,
            "confirmation_was_authenticated": false,
            "delivery_policy": "",
            "endpoint": "michael.ojejinmi@stackitsolutions.com",
            "endpoint_auto_confirms": false,
            "filter_policy": "",
            "filter_policy_scope": "",
            "id": "arn:aws:sns:us-east-1:043309356933:CPU_UTILIZATION_GREATER_THAN_THRESHOLD:8d06202e-1b95-447d-8d0e-1b4e4b7673a4",
            "owner_id": "043309356933",
            "pending_confirmation": true,
            "protocol": "email",
            "raw_message_delivery": false,
            "redrive_policy": "",
            "region": "us-east-1",
            "replay_policy": "",
            "subscription_role_arn": "",
            "topic_arn": "arn:aws:sns:us-east-1:043309356933:CPU_UTILIZATION_GREATER_THAN_THRESHOLD"
          },
          "sensitive_attributes": [],
          "private": "bnVsbA==",
          "dependencies": [
            "aws_sns_topic.cpualarm"
          ]
        }
      ]
    },
    {
      "mode": "managed",
      "type": "aws_sns_topic_subscription",
      "name": "subscription5",
      "provider": "provider[\"registry.terraform.io/hashicorp/aws\"]",
      "instances": [
        {
          "schema_version": 0,
          "attributes": {
            "arn": "arn:aws:sns:us-east-1:043309356933:CPU_UTILIZATION_GREATER_THAN_THRESHOLD:af91724c-87c1-4024-8e14-02a7875fc007",
            "confirmation_timeout_in_minutes": 1,
            "confirmation_was_authenticated": false,
            "delivery_policy": "",
            "endpoint": "azeezsolola@gmail.com",
            "endpoint_auto_confirms": false,
            "filter_policy": "",
            "filter_policy_scope": "",
            "id": "arn:aws:sns:us-east-1:043309356933:CPU_UTILIZATION_GREATER_THAN_THRESHOLD:af91724c-87c1-4024-8e14-02a7875fc007",
            "owner_id": "043309356933",
            "pending_confirmation": true,
            "protocol": "email",
            "raw_message_delivery": false,
            "redrive_policy": "",
            "region": "us-east-1",
            "replay_policy": "",
            "subscription_role_arn": "",
            "topic_arn": "arn:aws:sns:us-east-1:043309356933:CPU_UTILIZATION_GREATER_THAN_THRESHOLD"
          },
          "sensitive_attributes": [],
          "private": "bnVsbA==",
          "dependencies": [
            "aws_sns_topic.cpualarm"
          ]
        }
      ]
    },
    {
      "mode": "managed",
      "type": "aws_sns_topic_subscription",
      "name": "subscription6",
      "provider": "provider[\"registry.terraform.io/hashicorp/aws\"]",
      "instances": [
        {
          "schema_version": 0,
          "attributes": {
            "arn": "arn:aws:sns:us-east-1:043309356933:CPU_UTILIZATION_GREATER_THAN_THRESHOLD:8d06202e-1b95-447d-8d0e-1b4e4b7673a4",
            "confirmation_timeout_in_minutes": 1,
            "confirmation_was_authenticated": false,
            "delivery_policy": "",
            "endpoint": "michael.ojejinmi@stackitsolutions.com",
            "endpoint_auto_confirms": false,
            "filter_policy": "",
            "filter_policy_scope": "",
            "id": "arn:aws:sns:us-east-1:043309356933:CPU_UTILIZATION_GREATER_THAN_THRESHOLD:8d06202e-1b95-447d-8d0e-1b4e4b7673a4",
            "owner_id": "043309356933",
            "pending_confirmation": true,
            "protocol": "email",
            "raw_message_delivery": false,
            "redrive_policy": "",
            "region": "us-east-1",
            "replay_policy": "",
            "subscription_role_arn": "",
            "topic_arn": "arn:aws:sns:us-east-1:043309356933:CPU_UTILIZATION_GREATER_THAN_THRESHOLD"
          },
          "sensitive_attributes": [],
          "private": "bnVsbA==",
          "dependencies": [
            "aws_sns_topic.cpualarm"
          ]
        }
      ]
    },
    {
      "mode": "managed",
      "type": "aws_sns_topic_subscription",
      "name": "subscription8",
      "provider": "provider[\"registry.terraform.io/hashicorp/aws\"]",
      "instances": [
        {
          "schema_version": 0,
          "attributes": {
            "arn": "arn:aws:sns:us-east-1:043309356933:guardduty-alerts:e087122c-780e-445f-b795-18801e480816",
            "confirmation_timeout_in_minutes": 1,
            "confirmation_was_authenticated": false,
            "delivery_policy": "",
            "endpoint": "azeezsolola@gmail.com",
            "endpoint_auto_confirms": false,
            "filter_policy": "",
            "filter_policy_scope": "",
            "id": "arn:aws:sns:us-east-1:043309356933:guardduty-alerts:e087122c-780e-445f-b795-18801e480816",
            "owner_id": "043309356933",
            "pending_confirmation": true,
            "protocol": "email",
            "raw_message_delivery": false,
            "redrive_policy": "",
            "region": "us-east-1",
            "replay_policy": "",
            "subscription_role_arn": "",
            "topic_arn": "arn:aws:sns:us-east-1:043309356933:guardduty-alerts"
          },
          "sensitive_attributes": [],
          "private": "bnVsbA==",
          "dependencies": [
            "aws_sns_topic.guardduty_alerts"
          ]
        }
      ]
    },
    {
      "mode": "managed",
      "type": "aws_sns_topic_subscription",
      "name": "subscription9",
      "provider": "provider[\"registry.terraform.io/hashicorp/aws\"]",
      "instances": [
        {
          "schema_version": 0,
          "attributes": {
            "arn": "arn:aws:sns:us-east-1:043309356933:guardduty-alerts:2146a67d-7975-40eb-a786-fb1ea46cf1e8",
            "confirmation_timeout_in_minutes": 1,
            "confirmation_was_authenticated": false,
            "delivery_policy": "",
            "endpoint": "michael.ojejinmi@stackitsolutions.com",
            "endpoint_auto_confirms": false,
            "filter_policy": "",
            "filter_policy_scope": "",
            "id": "arn:aws:sns:us-east-1:043309356933:guardduty-alerts:2146a67d-7975-40eb-a786-fb1ea46cf1e8",
            "owner_id": "043309356933",
            "pending_confirmation": true,
            "protocol": "email",
            "raw_message_delivery": false,
            "redrive_policy": "",
            "region": "us-east-1",
            "replay_policy": "",
            "subscription_role_arn": "",
            "topic_arn": "arn:aws:sns:us-east-1:043309356933:guardduty-alerts"
          },
          "sensitive_attributes": [],
          "private": "bnVsbA==",
          "dependencies": [
            "aws_sns_topic.guardduty_alerts"
          ]
        }
      ]
    },
    {
      "mode": "managed",
      "type": "aws_subnet",
      "name": "Privateubnet1",
      "provider": "provider[\"registry.terraform.io/hashicorp/aws\"]",
      "instances": [
        {
          "schema_version": 1,
          "attributes": {
            "arn": "arn:aws:ec2:us-east-1:043309356933:subnet/subnet-0d8fc15c27986c11b",
            "assign_ipv6_address_on_creation": false,
            "availability_zone": "us-east-1a",
            "availability_zone_id": "use1-az1",
            "cidr_block": "10.0.3.0/24",
            "customer_owned_ipv4_pool": "",
            "enable_dns64": false,
            "enable_lni_at_device_index": 0,
            "enable_resource_name_dns_a_record_on_launch": false,
            "enable_resource_name_dns_aaaa_record_on_launch": false,
            "id": "subnet-0d8fc15c27986c11b",
            "ipv6_cidr_block": "",
            "ipv6_cidr_block_association_id": "",
            "ipv6_native": false,
            "map_customer_owned_ip_on_launch": false,
            "map_public_ip_on_launch": false,
            "outpost_arn": "",
            "owner_id": "043309356933",
            "private_dns_hostname_type_on_launch": "ip-name",
            "region": "us-east-1",
            "tags": {
              "Name": "Privatesubnet1"
            },
            "tags_all": {
              "Name": "Privatesubnet1"
            },
            "timeouts": null,
            "vpc_id": "vpc-08738e0dcb9858263"
          },
          "sensitive_attributes": [],
          "private": "eyJlMmJmYjczMC1lY2FhLTExZTYtOGY4OC0zNDM2M2JjN2M0YzAiOnsiY3JlYXRlIjo2MDAwMDAwMDAwMDAsImRlbGV0ZSI6MTIwMDAwMDAwMDAwMH0sInNjaGVtYV92ZXJzaW9uIjoiMSJ9",
          "dependencies": [
            "aws_vpc.TerraformVPC"
          ],
          "create_before_destroy": true
        }
      ]
    },
    {
      "mode": "managed",
      "type": "aws_subnet",
      "name": "Privateubnet2",
      "provider": "provider[\"registry.terraform.io/hashicorp/aws\"]",
      "instances": [
        {
          "schema_version": 1,
          "attributes": {
            "arn": "arn:aws:ec2:us-east-1:043309356933:subnet/subnet-0d2cba087af2d4f77",
            "assign_ipv6_address_on_creation": false,
            "availability_zone": "us-east-1b",
            "availability_zone_id": "use1-az2",
            "cidr_block": "10.0.4.0/24",
            "customer_owned_ipv4_pool": "",
            "enable_dns64": false,
            "enable_lni_at_device_index": 0,
            "enable_resource_name_dns_a_record_on_launch": false,
            "enable_resource_name_dns_aaaa_record_on_launch": false,
            "id": "subnet-0d2cba087af2d4f77",
            "ipv6_cidr_block": "",
            "ipv6_cidr_block_association_id": "",
            "ipv6_native": false,
            "map_customer_owned_ip_on_launch": false,
            "map_public_ip_on_launch": false,
            "outpost_arn": "",
            "owner_id": "043309356933",
            "private_dns_hostname_type_on_launch": "ip-name",
            "region": "us-east-1",
            "tags": {
              "Name": "Privatesubnet2"
            },
            "tags_all": {
              "Name": "Privatesubnet2"
            },
            "timeouts": null,
            "vpc_id": "vpc-08738e0dcb9858263"
          },
          "sensitive_attributes": [],
          "private": "eyJlMmJmYjczMC1lY2FhLTExZTYtOGY4OC0zNDM2M2JjN2M0YzAiOnsiY3JlYXRlIjo2MDAwMDAwMDAwMDAsImRlbGV0ZSI6MTIwMDAwMDAwMDAwMH0sInNjaGVtYV92ZXJzaW9uIjoiMSJ9",
          "dependencies": [
            "aws_vpc.TerraformVPC"
          ],
          "create_before_destroy": true
        }
      ]
    },
    {
      "mode": "managed",
      "type": "aws_subnet",
      "name": "Privateubnet3",
      "provider": "provider[\"registry.terraform.io/hashicorp/aws\"]",
      "instances": [
        {
          "schema_version": 1,
          "attributes": {
            "arn": "arn:aws:ec2:us-east-1:043309356933:subnet/subnet-050546ca5e14bef27",
            "assign_ipv6_address_on_creation": false,
            "availability_zone": "us-east-1a",
            "availability_zone_id": "use1-az1",
            "cidr_block": "10.0.5.0/24",
            "customer_owned_ipv4_pool": "",
            "enable_dns64": false,
            "enable_lni_at_device_index": 0,
            "enable_resource_name_dns_a_record_on_launch": false,
            "enable_resource_name_dns_aaaa_record_on_launch": false,
            "id": "subnet-050546ca5e14bef27",
            "ipv6_cidr_block": "",
            "ipv6_cidr_block_association_id": "",
            "ipv6_native": false,
            "map_customer_owned_ip_on_launch": false,
            "map_public_ip_on_launch": false,
            "outpost_arn": "",
            "owner_id": "043309356933",
            "private_dns_hostname_type_on_launch": "ip-name",
            "region": "us-east-1",
            "tags": {
              "Name": "Privatesubnet3"
            },
            "tags_all": {
              "Name": "Privatesubnet3"
            },
            "timeouts": null,
            "vpc_id": "vpc-08738e0dcb9858263"
          },
          "sensitive_attributes": [],
          "private": "eyJlMmJmYjczMC1lY2FhLTExZTYtOGY4OC0zNDM2M2JjN2M0YzAiOnsiY3JlYXRlIjo2MDAwMDAwMDAwMDAsImRlbGV0ZSI6MTIwMDAwMDAwMDAwMH0sInNjaGVtYV92ZXJzaW9uIjoiMSJ9",
          "dependencies": [
            "aws_vpc.TerraformVPC"
          ]
        }
      ]
    },
    {
      "mode": "managed",
      "type": "aws_subnet",
      "name": "Privateubnet4",
      "provider": "provider[\"registry.terraform.io/hashicorp/aws\"]",
      "instances": [
        {
          "schema_version": 1,
          "attributes": {
            "arn": "arn:aws:ec2:us-east-1:043309356933:subnet/subnet-0cf7cc65ae4039b5e",
            "assign_ipv6_address_on_creation": false,
            "availability_zone": "us-east-1b",
            "availability_zone_id": "use1-az2",
            "cidr_block": "10.0.6.0/24",
            "customer_owned_ipv4_pool": "",
            "enable_dns64": false,
            "enable_lni_at_device_index": 0,
            "enable_resource_name_dns_a_record_on_launch": false,
            "enable_resource_name_dns_aaaa_record_on_launch": false,
            "id": "subnet-0cf7cc65ae4039b5e",
            "ipv6_cidr_block": "",
            "ipv6_cidr_block_association_id": "",
            "ipv6_native": false,
            "map_customer_owned_ip_on_launch": false,
            "map_public_ip_on_launch": false,
            "outpost_arn": "",
            "owner_id": "043309356933",
            "private_dns_hostname_type_on_launch": "ip-name",
            "region": "us-east-1",
            "tags": {
              "Name": "Privatesubnet4"
            },
            "tags_all": {
              "Name": "Privatesubnet4"
            },
            "timeouts": null,
            "vpc_id": "vpc-08738e0dcb9858263"
          },
          "sensitive_attributes": [],
          "private": "eyJlMmJmYjczMC1lY2FhLTExZTYtOGY4OC0zNDM2M2JjN2M0YzAiOnsiY3JlYXRlIjo2MDAwMDAwMDAwMDAsImRlbGV0ZSI6MTIwMDAwMDAwMDAwMH0sInNjaGVtYV92ZXJzaW9uIjoiMSJ9",
          "dependencies": [
            "aws_vpc.TerraformVPC"
          ]
        }
      ]
    },
    {
      "mode": "managed",
      "type": "aws_subnet",
      "name": "Publicsubnet1",
      "provider": "provider[\"registry.terraform.io/hashicorp/aws\"]",
      "instances": [
        {
          "schema_version": 1,
          "attributes": {
            "arn": "arn:aws:ec2:us-east-1:043309356933:subnet/subnet-0dec3d0fd10aa5a13",
            "assign_ipv6_address_on_creation": false,
            "availability_zone": "us-east-1a",
            "availability_zone_id": "use1-az1",
            "cidr_block": "10.0.1.0/24",
            "customer_owned_ipv4_pool": "",
            "enable_dns64": false,
            "enable_lni_at_device_index": 0,
            "enable_resource_name_dns_a_record_on_launch": false,
            "enable_resource_name_dns_aaaa_record_on_launch": false,
            "id": "subnet-0dec3d0fd10aa5a13",
            "ipv6_cidr_block": "",
            "ipv6_cidr_block_association_id": "",
            "ipv6_native": false,
            "map_customer_owned_ip_on_launch": false,
            "map_public_ip_on_launch": false,
            "outpost_arn": "",
            "owner_id": "043309356933",
            "private_dns_hostname_type_on_launch": "ip-name",
            "region": "us-east-1",
            "tags": {
              "Name": "Publicsubnet1"
            },
            "tags_all": {
              "Name": "Publicsubnet1"
            },
            "timeouts": null,
            "vpc_id": "vpc-08738e0dcb9858263"
          },
          "sensitive_attributes": [],
          "private": "eyJlMmJmYjczMC1lY2FhLTExZTYtOGY4OC0zNDM2M2JjN2M0YzAiOnsiY3JlYXRlIjo2MDAwMDAwMDAwMDAsImRlbGV0ZSI6MTIwMDAwMDAwMDAwMH0sInNjaGVtYV92ZXJzaW9uIjoiMSJ9",
          "dependencies": [
            "aws_vpc.TerraformVPC"
          ],
          "create_before_destroy": true
        }
      ]
    },
    {
      "mode": "managed",
      "type": "aws_subnet",
      "name": "Publicsubnet2",
      "provider": "provider[\"registry.terraform.io/hashicorp/aws\"]",
      "instances": [
        {
          "schema_version": 1,
          "attributes": {
            "arn": "arn:aws:ec2:us-east-1:043309356933:subnet/subnet-01c74627a1b9c3839",
            "assign_ipv6_address_on_creation": false,
            "availability_zone": "us-east-1b",
            "availability_zone_id": "use1-az2",
            "cidr_block": "10.0.2.0/24",
            "customer_owned_ipv4_pool": "",
            "enable_dns64": false,
            "enable_lni_at_device_index": 0,
            "enable_resource_name_dns_a_record_on_launch": false,
            "enable_resource_name_dns_aaaa_record_on_launch": false,
            "id": "subnet-01c74627a1b9c3839",
            "ipv6_cidr_block": "",
            "ipv6_cidr_block_association_id": "",
            "ipv6_native": false,
            "map_customer_owned_ip_on_launch": false,
            "map_public_ip_on_launch": false,
            "outpost_arn": "",
            "owner_id": "043309356933",
            "private_dns_hostname_type_on_launch": "ip-name",
            "region": "us-east-1",
            "tags": {
              "Name": "Publicsubnet2"
            },
            "tags_all": {
              "Name": "Publicsubnet2"
            },
            "timeouts": null,
            "vpc_id": "vpc-08738e0dcb9858263"
          },
          "sensitive_attributes": [],
          "private": "eyJlMmJmYjczMC1lY2FhLTExZTYtOGY4OC0zNDM2M2JjN2M0YzAiOnsiY3JlYXRlIjo2MDAwMDAwMDAwMDAsImRlbGV0ZSI6MTIwMDAwMDAwMDAwMH0sInNjaGVtYV92ZXJzaW9uIjoiMSJ9",
          "dependencies": [
            "aws_vpc.TerraformVPC"
          ],
          "create_before_destroy": true
        }
      ]
    },
    {
      "mode": "managed",
      "type": "aws_vpc",
      "name": "TerraformVPC",
      "provider": "provider[\"registry.terraform.io/hashicorp/aws\"]",
      "instances": [
        {
          "schema_version": 1,
          "attributes": {
            "arn": "arn:aws:ec2:us-east-1:043309356933:vpc/vpc-08738e0dcb9858263",
            "assign_generated_ipv6_cidr_block": false,
            "cidr_block": "10.0.0.0/16",
            "default_network_acl_id": "acl-0db82db5b40ea7c0f",
            "default_route_table_id": "rtb-068c85ee42f5c530f",
            "default_security_group_id": "sg-033524aa96153e8e8",
            "dhcp_options_id": "dopt-0a8a4f59705c8a28d",
            "enable_dns_hostnames": true,
            "enable_dns_support": true,
            "enable_network_address_usage_metrics": false,
            "id": "vpc-08738e0dcb9858263",
            "instance_tenancy": "default",
            "ipv4_ipam_pool_id": null,
            "ipv4_netmask_length": null,
            "ipv6_association_id": "",
            "ipv6_cidr_block": "",
            "ipv6_cidr_block_network_border_group": "",
            "ipv6_ipam_pool_id": "",
            "ipv6_netmask_length": 0,
            "main_route_table_id": "rtb-068c85ee42f5c530f",
            "owner_id": "043309356933",
            "region": "us-east-1",
            "tags": {
              "Name": "TerraformVPC"
            },
            "tags_all": {
              "Name": "TerraformVPC"
            }
          },
          "sensitive_attributes": [],
          "private": "eyJzY2hlbWFfdmVyc2lvbiI6IjEifQ==",
          "create_before_destroy": true
        }
      ]
    }
  ],
  "check_results": null
}
